// !$*UTF8*$!
{
	archiveVersion = 1;
	classes = {
	};
	objectVersion = 46;
	objects = {

/* Begin PBXBuildFile section */
		B24D94A31600EB96005A5509 /* UIKit.framework in Frameworks */ = {isa = PBXBuildFile; fileRef = B24D94A21600EB96005A5509 /* UIKit.framework */; };
		B24D94A51600EB96005A5509 /* Foundation.framework in Frameworks */ = {isa = PBXBuildFile; fileRef = B24D94A41600EB96005A5509 /* Foundation.framework */; };
		B24D94A71600EB96005A5509 /* CoreGraphics.framework in Frameworks */ = {isa = PBXBuildFile; fileRef = B24D94A61600EB96005A5509 /* CoreGraphics.framework */; };
		B24D94AD1600EB96005A5509 /* InfoPlist.strings in Resources */ = {isa = PBXBuildFile; fileRef = B24D94AB1600EB96005A5509 /* InfoPlist.strings */; };
		B24D94AF1600EB96005A5509 /* main.m in Sources */ = {isa = PBXBuildFile; fileRef = B24D94AE1600EB96005A5509 /* main.m */; };
		B24D94B31600EB96005A5509 /* BIDAppDelegate.m in Sources */ = {isa = PBXBuildFile; fileRef = B24D94B21600EB96005A5509 /* BIDAppDelegate.m */; };
		B24D94B61600EB96005A5509 /* BIDViewController.m in Sources */ = {isa = PBXBuildFile; fileRef = B24D94B51600EB96005A5509 /* BIDViewController.m */; };
		B24D94B91600EB96005A5509 /* BIDViewController.xib in Resources */ = {isa = PBXBuildFile; fileRef = B24D94B71600EB96005A5509 /* BIDViewController.xib */; };
		B24D94C01600EBA6005A5509 /* libKKGridView.a in Frameworks */ = {isa = PBXBuildFile; fileRef = B24D94BF1600EBA6005A5509 /* libKKGridView.a */; };
		B24D94C31600EBD5005A5509 /* KKDemoCell.m in Sources */ = {isa = PBXBuildFile; fileRef = B24D94C21600EBD5005A5509 /* KKDemoCell.m */; };
/* End PBXBuildFile section */

/* Begin PBXFileReference section */
		B24D949E1600EB96005A5509 /* TestKKGrid.app */ = {isa = PBXFileReference; explicitFileType = wrapper.application; includeInIndex = 0; path = TestKKGrid.app; sourceTree = BUILT_PRODUCTS_DIR; };
		B24D94A21600EB96005A5509 /* UIKit.framework */ = {isa = PBXFileReference; lastKnownFileType = wrapper.framework; name = UIKit.framework; path = System/Library/Frameworks/UIKit.framework; sourceTree = SDKROOT; };
		B24D94A41600EB96005A5509 /* Foundation.framework */ = {isa = PBXFileReference; lastKnownFileType = wrapper.framework; name = Foundation.framework; path = System/Library/Frameworks/Foundation.framework; sourceTree = SDKROOT; };
		B24D94A61600EB96005A5509 /* CoreGraphics.framework */ = {isa = PBXFileReference; lastKnownFileType = wrapper.framework; name = CoreGraphics.framework; path = System/Library/Frameworks/CoreGraphics.framework; sourceTree = SDKROOT; };
		B24D94AA1600EB96005A5509 /* TestKKGrid-Info.plist */ = {isa = PBXFileReference; lastKnownFileType = text.plist.xml; path = "TestKKGrid-Info.plist"; sourceTree = "<group>"; };
		B24D94AC1600EB96005A5509 /* en */ = {isa = PBXFileReference; lastKnownFileType = text.plist.strings; name = en; path = en.lproj/InfoPlist.strings; sourceTree = "<group>"; };
		B24D94AE1600EB96005A5509 /* main.m */ = {isa = PBXFileReference; lastKnownFileType = sourcecode.c.objc; path = main.m; sourceTree = "<group>"; };
		B24D94B01600EB96005A5509 /* TestKKGrid-Prefix.pch */ = {isa = PBXFileReference; lastKnownFileType = sourcecode.c.h; path = "TestKKGrid-Prefix.pch"; sourceTree = "<group>"; };
		B24D94B11600EB96005A5509 /* BIDAppDelegate.h */ = {isa = PBXFileReference; lastKnownFileType = sourcecode.c.h; path = BIDAppDelegate.h; sourceTree = "<group>"; };
		B24D94B21600EB96005A5509 /* BIDAppDelegate.m */ = {isa = PBXFileReference; lastKnownFileType = sourcecode.c.objc; path = BIDAppDelegate.m; sourceTree = "<group>"; };
		B24D94B41600EB96005A5509 /* BIDViewController.h */ = {isa = PBXFileReference; lastKnownFileType = sourcecode.c.h; path = BIDViewController.h; sourceTree = "<group>"; };
		B24D94B51600EB96005A5509 /* BIDViewController.m */ = {isa = PBXFileReference; lastKnownFileType = sourcecode.c.objc; path = BIDViewController.m; sourceTree = "<group>"; };
		B24D94B81600EB96005A5509 /* en */ = {isa = PBXFileReference; lastKnownFileType = file.xib; name = en; path = en.lproj/BIDViewController.xib; sourceTree = "<group>"; };
		B24D94BF1600EBA6005A5509 /* libKKGridView.a */ = {isa = PBXFileReference; lastKnownFileType = archive.ar; name = libKKGridView.a; path = "../../../../Library/Developer/Xcode/DerivedData/myTV.IOS-cwzhxrndmhqupkathwwtwnhldvgi/Build/Products/Debug-iphoneos/libKKGridView.a"; sourceTree = "<group>"; };
		B24D94C11600EBD5005A5509 /* KKDemoCell.h */ = {isa = PBXFileReference; fileEncoding = 4; lastKnownFileType = sourcecode.c.h; path = KKDemoCell.h; sourceTree = "<group>"; };
		B24D94C21600EBD5005A5509 /* KKDemoCell.m */ = {isa = PBXFileReference; fileEncoding = 4; lastKnownFileType = sourcecode.c.objc; path = KKDemoCell.m; sourceTree = "<group>"; };
/* End PBXFileReference section */

/* Begin PBXFrameworksBuildPhase section */
		B24D949B1600EB96005A5509 /* Frameworks */ = {
			isa = PBXFrameworksBuildPhase;
			buildActionMask = 2147483647;
			files = (
				B24D94C01600EBA6005A5509 /* libKKGridView.a in Frameworks */,
				B24D94A31600EB96005A5509 /* UIKit.framework in Frameworks */,
				B24D94A51600EB96005A5509 /* Foundation.framework in Frameworks */,
				B24D94A71600EB96005A5509 /* CoreGraphics.framework in Frameworks */,
			);
			runOnlyForDeploymentPostprocessing = 0;
		};
/* End PBXFrameworksBuildPhase section */

/* Begin PBXGroup section */
		B24D94931600EB96005A5509 = {
			isa = PBXGroup;
			children = (
				B24D94BF1600EBA6005A5509 /* libKKGridView.a */,
				B24D94A81600EB96005A5509 /* TestKKGrid */,
				B24D94A11600EB96005A5509 /* Frameworks */,
				B24D949F1600EB96005A5509 /* Products */,
			);
			sourceTree = "<group>";
		};
		B24D949F1600EB96005A5509 /* Products */ = {
			isa = PBXGroup;
			children = (
				B24D949E1600EB96005A5509 /* TestKKGrid.app */,
			);
			name = Products;
			sourceTree = "<group>";
		};
		B24D94A11600EB96005A5509 /* Frameworks */ = {
			isa = PBXGroup;
			children = (
				B24D94A21600EB96005A5509 /* UIKit.framework */,
				B24D94A41600EB96005A5509 /* Foundation.framework */,
				B24D94A61600EB96005A5509 /* CoreGraphics.framework */,
			);
			name = Frameworks;
			sourceTree = "<group>";
		};
		B24D94A81600EB96005A5509 /* TestKKGrid */ = {
			isa = PBXGroup;
			children = (
				B24D94B11600EB96005A5509 /* BIDAppDelegate.h */,
				B24D94B21600EB96005A5509 /* BIDAppDelegate.m */,
				B24D94B41600EB96005A5509 /* BIDViewController.h */,
				B24D94B51600EB96005A5509 /* BIDViewController.m */,
				B24D94B71600EB96005A5509 /* BIDViewController.xib */,
				B24D94A91600EB96005A5509 /* Supporting Files */,
				B24D94C11600EBD5005A5509 /* KKDemoCell.h */,
				B24D94C21600EBD5005A5509 /* KKDemoCell.m */,
			);
			path = TestKKGrid;
			sourceTree = "<group>";
		};
		B24D94A91600EB96005A5509 /* Supporting Files */ = {
			isa = PBXGroup;
			children = (
				B24D94AA1600EB96005A5509 /* TestKKGrid-Info.plist */,
				B24D94AB1600EB96005A5509 /* InfoPlist.strings */,
				B24D94AE1600EB96005A5509 /* main.m */,
				B24D94B01600EB96005A5509 /* TestKKGrid-Prefix.pch */,
			);
			name = "Supporting Files";
			sourceTree = "<group>";
		};
/* End PBXGroup section */

/* Begin PBXNativeTarget section */
		B24D949D1600EB96005A5509 /* TestKKGrid */ = {
			isa = PBXNativeTarget;
			buildConfigurationList = B24D94BC1600EB96005A5509 /* Build configuration list for PBXNativeTarget "TestKKGrid" */;
			buildPhases = (
				B24D949A1600EB96005A5509 /* Sources */,
				B24D949B1600EB96005A5509 /* Frameworks */,
				B24D949C1600EB96005A5509 /* Resources */,
			);
			buildRules = (
			);
			dependencies = (
			);
			name = TestKKGrid;
			productName = TestKKGrid;
			productReference = B24D949E1600EB96005A5509 /* TestKKGrid.app */;
			productType = "com.apple.product-type.application";
		};
/* End PBXNativeTarget section */

/* Begin PBXProject section */
		B24D94951600EB96005A5509 /* Project object */ = {
			isa = PBXProject;
			attributes = {
				CLASSPREFIX = BID;
				LastUpgradeCheck = 0440;
				ORGANIZATIONNAME = Johnny;
			};
			buildConfigurationList = B24D94981600EB96005A5509 /* Build configuration list for PBXProject "TestKKGrid" */;
			compatibilityVersion = "Xcode 3.2";
			developmentRegion = English;
			hasScannedForEncodings = 0;
			knownRegions = (
				en,
			);
			mainGroup = B24D94931600EB96005A5509;
			productRefGroup = B24D949F1600EB96005A5509 /* Products */;
			projectDirPath = "";
			projectRoot = "";
			targets = (
				B24D949D1600EB96005A5509 /* TestKKGrid */,
			);
		};
/* End PBXProject section */

/* Begin PBXResourcesBuildPhase section */
		B24D949C1600EB96005A5509 /* Resources */ = {
			isa = PBXResourcesBuildPhase;
			buildActionMask = 2147483647;
			files = (
				B24D94AD1600EB96005A5509 /* InfoPlist.strings in Resources */,
				B24D94B91600EB96005A5509 /* BIDViewController.xib in Resources */,
			);
			runOnlyForDeploymentPostprocessing = 0;
		};
/* End PBXResourcesBuildPhase section */

/* Begin PBXSourcesBuildPhase section */
		B24D949A1600EB96005A5509 /* Sources */ = {
			isa = PBXSourcesBuildPhase;
			buildActionMask = 2147483647;
			files = (
				B24D94AF1600EB96005A5509 /* main.m in Sources */,
				B24D94B31600EB96005A5509 /* BIDAppDelegate.m in Sources */,
				B24D94B61600EB96005A5509 /* BIDViewController.m in Sources */,
				B24D94C31600EBD5005A5509 /* KKDemoCell.m in Sources */,
			);
			runOnlyForDeploymentPostprocessing = 0;
		};
/* End PBXSourcesBuildPhase section */

/* Begin PBXVariantGroup section */
		B24D94AB1600EB96005A5509 /* InfoPlist.strings */ = {
			isa = PBXVariantGroup;
			children = (
				B24D94AC1600EB96005A5509 /* en */,
			);
			name = InfoPlist.strings;
			sourceTree = "<group>";
		};
		B24D94B71600EB96005A5509 /* BIDViewController.xib */ = {
			isa = PBXVariantGroup;
			children = (
				B24D94B81600EB96005A5509 /* en */,
			);
			name = BIDViewController.xib;
			sourceTree = "<group>";
		};
/* End PBXVariantGroup section */

/* Begin XCBuildConfiguration section */
		B24D94BA1600EB96005A5509 /* Debug */ = {
			isa = XCBuildConfiguration;
			buildSettings = {
				ALWAYS_SEARCH_USER_PATHS = NO;
				ARCHS = "$(ARCHS_STANDARD_32_BIT)";
				CLANG_CXX_LANGUAGE_STANDARD = "gnu++0x";
				CLANG_ENABLE_OBJC_ARC = YES;
				CLANG_WARN__DUPLICATE_METHOD_MATCH = YES;
				"CODE_SIGN_IDENTITY[sdk=iphoneos*]" = "iPhone Developer";
				COPY_PHASE_STRIP = NO;
				GCC_C_LANGUAGE_STANDARD = gnu99;
				GCC_DYNAMIC_NO_PIC = NO;
				GCC_OPTIMIZATION_LEVEL = 0;
				GCC_PREPROCESSOR_DEFINITIONS = (
					"DEBUG=1",
					"$(inherited)",
				);
				GCC_SYMBOLS_PRIVATE_EXTERN = NO;
				GCC_VERSION = com.apple.compilers.llvm.clang.1_0;
				GCC_WARN_ABOUT_RETURN_TYPE = YES;
				GCC_WARN_UNINITIALIZED_AUTOS = YES;
				GCC_WARN_UNUSED_VARIABLE = YES;
				IPHONEOS_DEPLOYMENT_TARGET = 5.1;
				SDKROOT = iphoneos;
				TARGETED_DEVICE_FAMILY = 2;
			};
			name = Debug;
		};
		B24D94BB1600EB96005A5509 /* Release */ = {
			isa = XCBuildConfiguration;
			buildSettings = {
				ALWAYS_SEARCH_USER_PATHS = NO;
				ARCHS = "$(ARCHS_STANDARD_32_BIT)";
				CLANG_CXX_LANGUAGE_STANDARD = "gnu++0x";
				CLANG_ENABLE_OBJC_ARC = YES;
				CLANG_WARN__DUPLICATE_METHOD_MATCH = YES;
				"CODE_SIGN_IDENTITY[sdk=iphoneos*]" = "iPhone Developer";
				COPY_PHASE_STRIP = YES;
				GCC_C_LANGUAGE_STANDARD = gnu99;
				GCC_VERSION = com.apple.compilers.llvm.clang.1_0;
				GCC_WARN_ABOUT_RETURN_TYPE = YES;
				GCC_WARN_UNINITIALIZED_AUTOS = YES;
				GCC_WARN_UNUSED_VARIABLE = YES;
				IPHONEOS_DEPLOYMENT_TARGET = 5.1;
				OTHER_CFLAGS = "-DNS_BLOCK_ASSERTIONS=1";
				SDKROOT = iphoneos;
				TARGETED_DEVICE_FAMILY = 2;
				VALIDATE_PRODUCT = YES;
			};
			name = Release;
		};
		B24D94BD1600EB96005A5509 /* Debug */ = {
			isa = XCBuildConfiguration;
			buildSettings = {
				GCC_PRECOMPILE_PREFIX_HEADER = YES;
				GCC_PREFIX_HEADER = "TestKKGrid/TestKKGrid-Prefix.pch";
				INFOPLIST_FILE = "TestKKGrid/TestKKGrid-Info.plist";
				LIBRARY_SEARCH_PATHS = (
					"$(inherited)",
					"\"$(SRCROOT)/../../../../Library/Developer/Xcode/DerivedData/myTV.IOS-cwzhxrndmhqupkathwwtwnhldvgi/Build/Products/Debug-iphoneos\"",
				);
				PRODUCT_NAME = "$(TARGET_NAME)";
				WRAPPER_EXTENSION = app;
			};
			name = Debug;
		};
		B24D94BE1600EB96005A5509 /* Release */ = {
			isa = XCBuildConfiguration;
			buildSettings = {
				GCC_PRECOMPILE_PREFIX_HEADER = YES;
				GCC_PREFIX_HEADER = "TestKKGrid/TestKKGrid-Prefix.pch";
				INFOPLIST_FILE = "TestKKGrid/TestKKGrid-Info.plist";
				LIBRARY_SEARCH_PATHS = (
					"$(inherited)",
					"\"$(SRCROOT)/../../../../Library/Developer/Xcode/DerivedData/myTV.IOS-cwzhxrndmhqupkathwwtwnhldvgi/Build/Products/Debug-iphoneos\"",
				);
				PRODUCT_NAME = "$(TARGET_NAME)";
				WRAPPER_EXTENSION = app;
			};
			name = Release;
		};
/* End XCBuildConfiguration section */

/* Begin XCConfigurationList section */
		B24D94981600EB96005A5509 /* Build configuration list for PBXProject "TestKKGrid" */ = {
			isa = XCConfigurationList;
			buildConfigurations = (
				B24D94BA1600EB96005A5509 /* Debug */,
				B24D94BB1600EB96005A5509 /* Release */,
			);
			defaultConfigurationIsVisible = 0;
			defaultConfigurationName = Release;
		};
		B24D94BC1600EB96005A5509 /* Build configuration list for PBXNativeTarget "TestKKGrid" */ = {
			isa = XCConfigurationList;
			buildConfigurations = (
				B24D94BD1600EB96005A5509 /* Debug */,
				B24D94BE1600EB96005A5509 /* Release */,
			);
			defaultConfigurationIsVisible = 0;
		};
/* End XCConfigurationList section */
	};
	rootObject = B24D94951600EB96005A5509 /* Project object */;
}
