// !$*UTF8*$!
{
	archiveVersion = 1;
	classes = {
	};
	objectVersion = 46;
	objects = {

/* Begin PBXBuildFile section */
		B2F4BA6C15D9338500A43AF1 /* MYTVSwitchViewController.m in Sources */ = {isa = PBXBuildFile; fileRef = B2F4BA6B15D9338500A43AF1 /* MYTVSwitchViewController.m */; };
		B2F4BA6F15D933B000A43AF1 /* MYTVBlueViewController.m in Sources */ = {isa = PBXBuildFile; fileRef = B2F4BA6E15D933B000A43AF1 /* MYTVBlueViewController.m */; };
		B2F4BA7115D933F500A43AF1 /* SwitchView.xib in Resources */ = {isa = PBXBuildFile; fileRef = B2F4BA7015D933F500A43AF1 /* SwitchView.xib */; };
		B2F4BA7315D9341B00A43AF1 /* BlueView.xib in Resources */ = {isa = PBXBuildFile; fileRef = B2F4BA7215D9341B00A43AF1 /* BlueView.xib */; };
		B2F7456015D9086B00198B6C /* UIKit.framework in Frameworks */ = {isa = PBXBuildFile; fileRef = B2F7455F15D9086B00198B6C /* UIKit.framework */; };
		B2F7456215D9086B00198B6C /* Foundation.framework in Frameworks */ = {isa = PBXBuildFile; fileRef = B2F7456115D9086B00198B6C /* Foundation.framework */; };
		B2F7456415D9086B00198B6C /* CoreGraphics.framework in Frameworks */ = {isa = PBXBuildFile; fileRef = B2F7456315D9086B00198B6C /* CoreGraphics.framework */; };
		B2F7456A15D9086B00198B6C /* InfoPlist.strings in Resources */ = {isa = PBXBuildFile; fileRef = B2F7456815D9086B00198B6C /* InfoPlist.strings */; };
		B2F7456C15D9086B00198B6C /* main.m in Sources */ = {isa = PBXBuildFile; fileRef = B2F7456B15D9086B00198B6C /* main.m */; };
		B2F7457015D9086B00198B6C /* MYTVAppDelegate.m in Sources */ = {isa = PBXBuildFile; fileRef = B2F7456F15D9086B00198B6C /* MYTVAppDelegate.m */; };
/* End PBXBuildFile section */

/* Begin PBXFileReference section */
		B2F4BA6A15D9338500A43AF1 /* MYTVSwitchViewController.h */ = {isa = PBXFileReference; fileEncoding = 4; lastKnownFileType = sourcecode.c.h; path = MYTVSwitchViewController.h; sourceTree = "<group>"; };
		B2F4BA6B15D9338500A43AF1 /* MYTVSwitchViewController.m */ = {isa = PBXFileReference; fileEncoding = 4; lastKnownFileType = sourcecode.c.objc; path = MYTVSwitchViewController.m; sourceTree = "<group>"; };
		B2F4BA6D15D933B000A43AF1 /* MYTVBlueViewController.h */ = {isa = PBXFileReference; fileEncoding = 4; lastKnownFileType = sourcecode.c.h; path = MYTVBlueViewController.h; sourceTree = "<group>"; };
		B2F4BA6E15D933B000A43AF1 /* MYTVBlueViewController.m */ = {isa = PBXFileReference; fileEncoding = 4; lastKnownFileType = sourcecode.c.objc; path = MYTVBlueViewController.m; sourceTree = "<group>"; };
		B2F4BA7015D933F500A43AF1 /* SwitchView.xib */ = {isa = PBXFileReference; fileEncoding = 4; lastKnownFileType = file.xib; path = SwitchView.xib; sourceTree = "<group>"; };
		B2F4BA7215D9341B00A43AF1 /* BlueView.xib */ = {isa = PBXFileReference; fileEncoding = 4; lastKnownFileType = file.xib; name = BlueView.xib; path = ../BlueView.xib; sourceTree = "<group>"; };
		B2F7455B15D9086B00198B6C /* View Switcher.app */ = {isa = PBXFileReference; explicitFileType = wrapper.application; includeInIndex = 0; path = "View Switcher.app"; sourceTree = BUILT_PRODUCTS_DIR; };
		B2F7455F15D9086B00198B6C /* UIKit.framework */ = {isa = PBXFileReference; lastKnownFileType = wrapper.framework; name = UIKit.framework; path = System/Library/Frameworks/UIKit.framework; sourceTree = SDKROOT; };
		B2F7456115D9086B00198B6C /* Foundation.framework */ = {isa = PBXFileReference; lastKnownFileType = wrapper.framework; name = Foundation.framework; path = System/Library/Frameworks/Foundation.framework; sourceTree = SDKROOT; };
		B2F7456315D9086B00198B6C /* CoreGraphics.framework */ = {isa = PBXFileReference; lastKnownFileType = wrapper.framework; name = CoreGraphics.framework; path = System/Library/Frameworks/CoreGraphics.framework; sourceTree = SDKROOT; };
		B2F7456715D9086B00198B6C /* View Switcher-Info.plist */ = {isa = PBXFileReference; lastKnownFileType = text.plist.xml; path = "View Switcher-Info.plist"; sourceTree = "<group>"; };
		B2F7456915D9086B00198B6C /* en */ = {isa = PBXFileReference; lastKnownFileType = text.plist.strings; name = en; path = en.lproj/InfoPlist.strings; sourceTree = "<group>"; };
		B2F7456B15D9086B00198B6C /* main.m */ = {isa = PBXFileReference; lastKnownFileType = sourcecode.c.objc; path = main.m; sourceTree = "<group>"; };
		B2F7456D15D9086B00198B6C /* View Switcher-Prefix.pch */ = {isa = PBXFileReference; lastKnownFileType = sourcecode.c.h; path = "View Switcher-Prefix.pch"; sourceTree = "<group>"; };
		B2F7456E15D9086B00198B6C /* MYTVAppDelegate.h */ = {isa = PBXFileReference; lastKnownFileType = sourcecode.c.h; path = MYTVAppDelegate.h; sourceTree = "<group>"; };
		B2F7456F15D9086B00198B6C /* MYTVAppDelegate.m */ = {isa = PBXFileReference; lastKnownFileType = sourcecode.c.objc; path = MYTVAppDelegate.m; sourceTree = "<group>"; };
/* End PBXFileReference section */

/* Begin PBXFrameworksBuildPhase section */
		B2F7455815D9086B00198B6C /* Frameworks */ = {
			isa = PBXFrameworksBuildPhase;
			buildActionMask = 2147483647;
			files = (
				B2F7456015D9086B00198B6C /* UIKit.framework in Frameworks */,
				B2F7456215D9086B00198B6C /* Foundation.framework in Frameworks */,
				B2F7456415D9086B00198B6C /* CoreGraphics.framework in Frameworks */,
			);
			runOnlyForDeploymentPostprocessing = 0;
		};
/* End PBXFrameworksBuildPhase section */

/* Begin PBXGroup section */
		B2F7455015D9086B00198B6C = {
			isa = PBXGroup;
			children = (
				B2F7456515D9086B00198B6C /* View Switcher */,
				B2F7455E15D9086B00198B6C /* Frameworks */,
				B2F7455C15D9086B00198B6C /* Products */,
			);
			sourceTree = "<group>";
		};
		B2F7455C15D9086B00198B6C /* Products */ = {
			isa = PBXGroup;
			children = (
				B2F7455B15D9086B00198B6C /* View Switcher.app */,
			);
			name = Products;
			sourceTree = "<group>";
		};
		B2F7455E15D9086B00198B6C /* Frameworks */ = {
			isa = PBXGroup;
			children = (
				B2F7455F15D9086B00198B6C /* UIKit.framework */,
				B2F7456115D9086B00198B6C /* Foundation.framework */,
				B2F7456315D9086B00198B6C /* CoreGraphics.framework */,
			);
			name = Frameworks;
			sourceTree = "<group>";
		};
		B2F7456515D9086B00198B6C /* View Switcher */ = {
			isa = PBXGroup;
			children = (
				B2F7456E15D9086B00198B6C /* MYTVAppDelegate.h */,
				B2F4BA6A15D9338500A43AF1 /* MYTVSwitchViewController.h */,
				B2F4BA7015D933F500A43AF1 /* SwitchView.xib */,
				B2F4BA6D15D933B000A43AF1 /* MYTVBlueViewController.h */,
				B2F4BA7215D9341B00A43AF1 /* BlueView.xib */,
				B2F4BA6E15D933B000A43AF1 /* MYTVBlueViewController.m */,
				B2F4BA6B15D9338500A43AF1 /* MYTVSwitchViewController.m */,
				B2F7456F15D9086B00198B6C /* MYTVAppDelegate.m */,
				B2F7456615D9086B00198B6C /* Supporting Files */,
			);
			path = "View Switcher";
			sourceTree = "<group>";
		};
		B2F7456615D9086B00198B6C /* Supporting Files */ = {
			isa = PBXGroup;
			children = (
				B2F7456715D9086B00198B6C /* View Switcher-Info.plist */,
				B2F7456815D9086B00198B6C /* InfoPlist.strings */,
				B2F7456B15D9086B00198B6C /* main.m */,
				B2F7456D15D9086B00198B6C /* View Switcher-Prefix.pch */,
			);
			name = "Supporting Files";
			sourceTree = "<group>";
		};
/* End PBXGroup section */

/* Begin PBXNativeTarget section */
		B2F7455A15D9086B00198B6C /* View Switcher */ = {
			isa = PBXNativeTarget;
			buildConfigurationList = B2F7457315D9086B00198B6C /* Build configuration list for PBXNativeTarget "View Switcher" */;
			buildPhases = (
				B2F7455715D9086B00198B6C /* Sources */,
				B2F7455815D9086B00198B6C /* Frameworks */,
				B2F7455915D9086B00198B6C /* Resources */,
			);
			buildRules = (
			);
			dependencies = (
			);
			name = "View Switcher";
			productName = "View Switcher";
			productReference = B2F7455B15D9086B00198B6C /* View Switcher.app */;
			productType = "com.apple.product-type.application";
		};
/* End PBXNativeTarget section */

/* Begin PBXProject section */
		B2F7455215D9086B00198B6C /* Project object */ = {
			isa = PBXProject;
			attributes = {
				LastUpgradeCheck = 0420;
			};
			buildConfigurationList = B2F7455515D9086B00198B6C /* Build configuration list for PBXProject "View Switcher" */;
			compatibilityVersion = "Xcode 3.2";
			developmentRegion = English;
			hasScannedForEncodings = 0;
			knownRegions = (
				en,
			);
			mainGroup = B2F7455015D9086B00198B6C;
			productRefGroup = B2F7455C15D9086B00198B6C /* Products */;
			projectDirPath = "";
			projectRoot = "";
			targets = (
				B2F7455A15D9086B00198B6C /* View Switcher */,
			);
		};
/* End PBXProject section */

/* Begin PBXResourcesBuildPhase section */
		B2F7455915D9086B00198B6C /* Resources */ = {
			isa = PBXResourcesBuildPhase;
			buildActionMask = 2147483647;
			files = (
				B2F7456A15D9086B00198B6C /* InfoPlist.strings in Resources */,
				B2F4BA7115D933F500A43AF1 /* SwitchView.xib in Resources */,
				B2F4BA7315D9341B00A43AF1 /* BlueView.xib in Resources */,
			);
			runOnlyForDeploymentPostprocessing = 0;
		};
/* End PBXResourcesBuildPhase section */

/* Begin PBXSourcesBuildPhase section */
		B2F7455715D9086B00198B6C /* Sources */ = {
			isa = PBXSourcesBuildPhase;
			buildActionMask = 2147483647;
			files = (
				B2F7456C15D9086B00198B6C /* main.m in Sources */,
				B2F7457015D9086B00198B6C /* MYTVAppDelegate.m in Sources */,
				B2F4BA6C15D9338500A43AF1 /* MYTVSwitchViewController.m in Sources */,
				B2F4BA6F15D933B000A43AF1 /* MYTVBlueViewController.m in Sources */,
			);
			runOnlyForDeploymentPostprocessing = 0;
		};
/* End PBXSourcesBuildPhase section */

/* Begin PBXVariantGroup section */
		B2F7456815D9086B00198B6C /* InfoPlist.strings */ = {
			isa = PBXVariantGroup;
			children = (
				B2F7456915D9086B00198B6C /* en */,
			);
			name = InfoPlist.strings;
			sourceTree = "<group>";
		};
/* End PBXVariantGroup section */

/* Begin XCBuildConfiguration section */
		B2F7457115D9086B00198B6C /* Debug */ = {
			isa = XCBuildConfiguration;
			buildSettings = {
				ALWAYS_SEARCH_USER_PATHS = NO;
				ARCHS = "$(ARCHS_STANDARD_32_BIT)";
				CLANG_ENABLE_OBJC_ARC = YES;
				"CODE_SIGN_IDENTITY[sdk=iphoneos*]" = "iPhone Developer";
				COPY_PHASE_STRIP = NO;
				GCC_C_LANGUAGE_STANDARD = gnu99;
				GCC_DYNAMIC_NO_PIC = NO;
				GCC_OPTIMIZATION_LEVEL = 0;
				GCC_PREPROCESSOR_DEFINITIONS = (
					"DEBUG=1",
					"$(inherited)",
				);
				GCC_SYMBOLS_PRIVATE_EXTERN = NO;
				GCC_VERSION = com.apple.compilers.llvm.clang.1_0;
				GCC_WARN_ABOUT_MISSING_PROTOTYPES = YES;
				GCC_WARN_ABOUT_RETURN_TYPE = YES;
				GCC_WARN_UNUSED_VARIABLE = YES;
				IPHONEOS_DEPLOYMENT_TARGET = 5.0;
				SDKROOT = iphoneos;
			};
			name = Debug;
		};
		B2F7457215D9086B00198B6C /* Release */ = {
			isa = XCBuildConfiguration;
			buildSettings = {
				ALWAYS_SEARCH_USER_PATHS = NO;
				ARCHS = "$(ARCHS_STANDARD_32_BIT)";
				CLANG_ENABLE_OBJC_ARC = YES;
				"CODE_SIGN_IDENTITY[sdk=iphoneos*]" = "iPhone Developer";
				COPY_PHASE_STRIP = YES;
				GCC_C_LANGUAGE_STANDARD = gnu99;
				GCC_VERSION = com.apple.compilers.llvm.clang.1_0;
				GCC_WARN_ABOUT_MISSING_PROTOTYPES = YES;
				GCC_WARN_ABOUT_RETURN_TYPE = YES;
				GCC_WARN_UNUSED_VARIABLE = YES;
				IPHONEOS_DEPLOYMENT_TARGET = 5.0;
				OTHER_CFLAGS = "-DNS_BLOCK_ASSERTIONS=1";
				SDKROOT = iphoneos;
				VALIDATE_PRODUCT = YES;
			};
			name = Release;
		};
		B2F7457415D9086B00198B6C /* Debug */ = {
			isa = XCBuildConfiguration;
			buildSettings = {
				GCC_PRECOMPILE_PREFIX_HEADER = YES;
				GCC_PREFIX_HEADER = "View Switcher/View Switcher-Prefix.pch";
				INFOPLIST_FILE = "View Switcher/View Switcher-Info.plist";
				PRODUCT_NAME = "$(TARGET_NAME)";
				WRAPPER_EXTENSION = app;
			};
			name = Debug;
		};
		B2F7457515D9086B00198B6C /* Release */ = {
			isa = XCBuildConfiguration;
			buildSettings = {
				GCC_PRECOMPILE_PREFIX_HEADER = YES;
				GCC_PREFIX_HEADER = "View Switcher/View Switcher-Prefix.pch";
				INFOPLIST_FILE = "View Switcher/View Switcher-Info.plist";
				PRODUCT_NAME = "$(TARGET_NAME)";
				WRAPPER_EXTENSION = app;
			};
			name = Release;
		};
/* End XCBuildConfiguration section */

/* Begin XCConfigurationList section */
		B2F7455515D9086B00198B6C /* Build configuration list for PBXProject "View Switcher" */ = {
			isa = XCConfigurationList;
			buildConfigurations = (
				B2F7457115D9086B00198B6C /* Debug */,
				B2F7457215D9086B00198B6C /* Release */,
			);
			defaultConfigurationIsVisible = 0;
			defaultConfigurationName = Release;
		};
		B2F7457315D9086B00198B6C /* Build configuration list for PBXNativeTarget "View Switcher" */ = {
			isa = XCConfigurationList;
			buildConfigurations = (
				B2F7457415D9086B00198B6C /* Debug */,
				B2F7457515D9086B00198B6C /* Release */,
			);
			defaultConfigurationIsVisible = 0;
			defaultConfigurationName = Release;
		};
/* End XCConfigurationList section */
	};
	rootObject = B2F7455215D9086B00198B6C /* Project object */;
}
