// !$*UTF8*$!
{
	archiveVersion = 1;
	classes = {
	};
	objectVersion = 46;
	objects = {

/* Begin PBXBuildFile section */
		B2D2BF3F1602028B0040B206 /* UIKit.framework in Frameworks */ = {isa = PBXBuildFile; fileRef = B2D2BF3E1602028B0040B206 /* UIKit.framework */; };
		B2D2BF411602028B0040B206 /* Foundation.framework in Frameworks */ = {isa = PBXBuildFile; fileRef = B2D2BF401602028B0040B206 /* Foundation.framework */; };
		B2D2BF431602028B0040B206 /* CoreGraphics.framework in Frameworks */ = {isa = PBXBuildFile; fileRef = B2D2BF421602028B0040B206 /* CoreGraphics.framework */; };
		B2D2BF491602028B0040B206 /* InfoPlist.strings in Resources */ = {isa = PBXBuildFile; fileRef = B2D2BF471602028B0040B206 /* InfoPlist.strings */; };
		B2D2BF4B1602028B0040B206 /* main.m in Sources */ = {isa = PBXBuildFile; fileRef = B2D2BF4A1602028B0040B206 /* main.m */; };
		B2D2BF4F1602028B0040B206 /* BIDAppDelegate.m in Sources */ = {isa = PBXBuildFile; fileRef = B2D2BF4E1602028B0040B206 /* BIDAppDelegate.m */; };
		B2D2BF521602028B0040B206 /* BIDViewController.m in Sources */ = {isa = PBXBuildFile; fileRef = B2D2BF511602028B0040B206 /* BIDViewController.m */; };
		B2D2BF551602028B0040B206 /* BIDViewController.xib in Resources */ = {isa = PBXBuildFile; fileRef = B2D2BF531602028B0040B206 /* BIDViewController.xib */; };
		B2D2BF5C160202990040B206 /* libKKGridView.a in Frameworks */ = {isa = PBXBuildFile; fileRef = B2D2BF5B160202990040B206 /* libKKGridView.a */; };
		B2D2BF5F160203300040B206 /* KKDemoCell.m in Sources */ = {isa = PBXBuildFile; fileRef = B2D2BF5E160203300040B206 /* KKDemoCell.m */; };
/* End PBXBuildFile section */

/* Begin PBXFileReference section */
		B2D2BF3A1602028B0040B206 /* TestKKGrid2.app */ = {isa = PBXFileReference; explicitFileType = wrapper.application; includeInIndex = 0; path = TestKKGrid2.app; sourceTree = BUILT_PRODUCTS_DIR; };
		B2D2BF3E1602028B0040B206 /* UIKit.framework */ = {isa = PBXFileReference; lastKnownFileType = wrapper.framework; name = UIKit.framework; path = System/Library/Frameworks/UIKit.framework; sourceTree = SDKROOT; };
		B2D2BF401602028B0040B206 /* Foundation.framework */ = {isa = PBXFileReference; lastKnownFileType = wrapper.framework; name = Foundation.framework; path = System/Library/Frameworks/Foundation.framework; sourceTree = SDKROOT; };
		B2D2BF421602028B0040B206 /* CoreGraphics.framework */ = {isa = PBXFileReference; lastKnownFileType = wrapper.framework; name = CoreGraphics.framework; path = System/Library/Frameworks/CoreGraphics.framework; sourceTree = SDKROOT; };
		B2D2BF461602028B0040B206 /* TestKKGrid2-Info.plist */ = {isa = PBXFileReference; lastKnownFileType = text.plist.xml; path = "TestKKGrid2-Info.plist"; sourceTree = "<group>"; };
		B2D2BF481602028B0040B206 /* en */ = {isa = PBXFileReference; lastKnownFileType = text.plist.strings; name = en; path = en.lproj/InfoPlist.strings; sourceTree = "<group>"; };
		B2D2BF4A1602028B0040B206 /* main.m */ = {isa = PBXFileReference; lastKnownFileType = sourcecode.c.objc; path = main.m; sourceTree = "<group>"; };
		B2D2BF4C1602028B0040B206 /* TestKKGrid2-Prefix.pch */ = {isa = PBXFileReference; lastKnownFileType = sourcecode.c.h; path = "TestKKGrid2-Prefix.pch"; sourceTree = "<group>"; };
		B2D2BF4D1602028B0040B206 /* BIDAppDelegate.h */ = {isa = PBXFileReference; lastKnownFileType = sourcecode.c.h; path = BIDAppDelegate.h; sourceTree = "<group>"; };
		B2D2BF4E1602028B0040B206 /* BIDAppDelegate.m */ = {isa = PBXFileReference; lastKnownFileType = sourcecode.c.objc; path = BIDAppDelegate.m; sourceTree = "<group>"; };
		B2D2BF501602028B0040B206 /* BIDViewController.h */ = {isa = PBXFileReference; lastKnownFileType = sourcecode.c.h; path = BIDViewController.h; sourceTree = "<group>"; };
		B2D2BF511602028B0040B206 /* BIDViewController.m */ = {isa = PBXFileReference; lastKnownFileType = sourcecode.c.objc; path = BIDViewController.m; sourceTree = "<group>"; };
		B2D2BF541602028B0040B206 /* en */ = {isa = PBXFileReference; lastKnownFileType = file.xib; name = en; path = en.lproj/BIDViewController.xib; sourceTree = "<group>"; };
		B2D2BF5B160202990040B206 /* libKKGridView.a */ = {isa = PBXFileReference; lastKnownFileType = archive.ar; name = libKKGridView.a; path = "../../../../Library/Developer/Xcode/DerivedData/myTV.IOS-cwzhxrndmhqupkathwwtwnhldvgi/Build/Products/Debug-iphoneos/libKKGridView.a"; sourceTree = "<group>"; };
		B2D2BF5D160203300040B206 /* KKDemoCell.h */ = {isa = PBXFileReference; fileEncoding = 4; lastKnownFileType = sourcecode.c.h; path = KKDemoCell.h; sourceTree = "<group>"; };
		B2D2BF5E160203300040B206 /* KKDemoCell.m */ = {isa = PBXFileReference; fileEncoding = 4; lastKnownFileType = sourcecode.c.objc; path = KKDemoCell.m; sourceTree = "<group>"; };
/* End PBXFileReference section */

/* Begin PBXFrameworksBuildPhase section */
		B2D2BF371602028B0040B206 /* Frameworks */ = {
			isa = PBXFrameworksBuildPhase;
			buildActionMask = 2147483647;
			files = (
				B2D2BF5C160202990040B206 /* libKKGridView.a in Frameworks */,
				B2D2BF3F1602028B0040B206 /* UIKit.framework in Frameworks */,
				B2D2BF411602028B0040B206 /* Foundation.framework in Frameworks */,
				B2D2BF431602028B0040B206 /* CoreGraphics.framework in Frameworks */,
			);
			runOnlyForDeploymentPostprocessing = 0;
		};
/* End PBXFrameworksBuildPhase section */

/* Begin PBXGroup section */
		B2D2BF2F1602028B0040B206 = {
			isa = PBXGroup;
			children = (
				B2D2BF5B160202990040B206 /* libKKGridView.a */,
				B2D2BF441602028B0040B206 /* TestKKGrid2 */,
				B2D2BF3D1602028B0040B206 /* Frameworks */,
				B2D2BF3B1602028B0040B206 /* Products */,
			);
			sourceTree = "<group>";
		};
		B2D2BF3B1602028B0040B206 /* Products */ = {
			isa = PBXGroup;
			children = (
				B2D2BF3A1602028B0040B206 /* TestKKGrid2.app */,
			);
			name = Products;
			sourceTree = "<group>";
		};
		B2D2BF3D1602028B0040B206 /* Frameworks */ = {
			isa = PBXGroup;
			children = (
				B2D2BF3E1602028B0040B206 /* UIKit.framework */,
				B2D2BF401602028B0040B206 /* Foundation.framework */,
				B2D2BF421602028B0040B206 /* CoreGraphics.framework */,
			);
			name = Frameworks;
			sourceTree = "<group>";
		};
		B2D2BF441602028B0040B206 /* TestKKGrid2 */ = {
			isa = PBXGroup;
			children = (
				B2D2BF4D1602028B0040B206 /* BIDAppDelegate.h */,
				B2D2BF4E1602028B0040B206 /* BIDAppDelegate.m */,
				B2D2BF501602028B0040B206 /* BIDViewController.h */,
				B2D2BF511602028B0040B206 /* BIDViewController.m */,
				B2D2BF531602028B0040B206 /* BIDViewController.xib */,
				B2D2BF451602028B0040B206 /* Supporting Files */,
				B2D2BF5D160203300040B206 /* KKDemoCell.h */,
				B2D2BF5E160203300040B206 /* KKDemoCell.m */,
			);
			path = TestKKGrid2;
			sourceTree = "<group>";
		};
		B2D2BF451602028B0040B206 /* Supporting Files */ = {
			isa = PBXGroup;
			children = (
				B2D2BF461602028B0040B206 /* TestKKGrid2-Info.plist */,
				B2D2BF471602028B0040B206 /* InfoPlist.strings */,
				B2D2BF4A1602028B0040B206 /* main.m */,
				B2D2BF4C1602028B0040B206 /* TestKKGrid2-Prefix.pch */,
			);
			name = "Supporting Files";
			sourceTree = "<group>";
		};
/* End PBXGroup section */

/* Begin PBXNativeTarget section */
		B2D2BF391602028B0040B206 /* TestKKGrid2 */ = {
			isa = PBXNativeTarget;
			buildConfigurationList = B2D2BF581602028B0040B206 /* Build configuration list for PBXNativeTarget "TestKKGrid2" */;
			buildPhases = (
				B2D2BF361602028B0040B206 /* Sources */,
				B2D2BF371602028B0040B206 /* Frameworks */,
				B2D2BF381602028B0040B206 /* Resources */,
			);
			buildRules = (
			);
			dependencies = (
			);
			name = TestKKGrid2;
			productName = TestKKGrid2;
			productReference = B2D2BF3A1602028B0040B206 /* TestKKGrid2.app */;
			productType = "com.apple.product-type.application";
		};
/* End PBXNativeTarget section */

/* Begin PBXProject section */
		B2D2BF311602028B0040B206 /* Project object */ = {
			isa = PBXProject;
			attributes = {
				CLASSPREFIX = BID;
				LastUpgradeCheck = 0440;
				ORGANIZATIONNAME = Johnny;
			};
			buildConfigurationList = B2D2BF341602028B0040B206 /* Build configuration list for PBXProject "TestKKGrid2" */;
			compatibilityVersion = "Xcode 3.2";
			developmentRegion = English;
			hasScannedForEncodings = 0;
			knownRegions = (
				en,
			);
			mainGroup = B2D2BF2F1602028B0040B206;
			productRefGroup = B2D2BF3B1602028B0040B206 /* Products */;
			projectDirPath = "";
			projectRoot = "";
			targets = (
				B2D2BF391602028B0040B206 /* TestKKGrid2 */,
			);
		};
/* End PBXProject section */

/* Begin PBXResourcesBuildPhase section */
		B2D2BF381602028B0040B206 /* Resources */ = {
			isa = PBXResourcesBuildPhase;
			buildActionMask = 2147483647;
			files = (
				B2D2BF491602028B0040B206 /* InfoPlist.strings in Resources */,
				B2D2BF551602028B0040B206 /* BIDViewController.xib in Resources */,
			);
			runOnlyForDeploymentPostprocessing = 0;
		};
/* End PBXResourcesBuildPhase section */

/* Begin PBXSourcesBuildPhase section */
		B2D2BF361602028B0040B206 /* Sources */ = {
			isa = PBXSourcesBuildPhase;
			buildActionMask = 2147483647;
			files = (
				B2D2BF4B1602028B0040B206 /* main.m in Sources */,
				B2D2BF4F1602028B0040B206 /* BIDAppDelegate.m in Sources */,
				B2D2BF521602028B0040B206 /* BIDViewController.m in Sources */,
				B2D2BF5F160203300040B206 /* KKDemoCell.m in Sources */,
			);
			runOnlyForDeploymentPostprocessing = 0;
		};
/* End PBXSourcesBuildPhase section */

/* Begin PBXVariantGroup section */
		B2D2BF471602028B0040B206 /* InfoPlist.strings */ = {
			isa = PBXVariantGroup;
			children = (
				B2D2BF481602028B0040B206 /* en */,
			);
			name = InfoPlist.strings;
			sourceTree = "<group>";
		};
		B2D2BF531602028B0040B206 /* BIDViewController.xib */ = {
			isa = PBXVariantGroup;
			children = (
				B2D2BF541602028B0040B206 /* en */,
			);
			name = BIDViewController.xib;
			sourceTree = "<group>";
		};
/* End PBXVariantGroup section */

/* Begin XCBuildConfiguration section */
		B2D2BF561602028B0040B206 /* Debug */ = {
			isa = XCBuildConfiguration;
			buildSettings = {
				ALWAYS_SEARCH_USER_PATHS = NO;
				ARCHS = "$(ARCHS_STANDARD_32_BIT)";
				CLANG_CXX_LANGUAGE_STANDARD = "gnu++0x";
				CLANG_ENABLE_OBJC_ARC = YES;
				CLANG_WARN__DUPLICATE_METHOD_MATCH = YES;
				"CODE_SIGN_IDENTITY[sdk=iphoneos*]" = "iPhone Developer";
				COPY_PHASE_STRIP = NO;
				GCC_C_LANGUAGE_STANDARD = gnu99;
				GCC_DYNAMIC_NO_PIC = NO;
				GCC_OPTIMIZATION_LEVEL = 0;
				GCC_PREPROCESSOR_DEFINITIONS = (
					"DEBUG=1",
					"$(inherited)",
				);
				GCC_SYMBOLS_PRIVATE_EXTERN = NO;
				GCC_VERSION = com.apple.compilers.llvm.clang.1_0;
				GCC_WARN_ABOUT_RETURN_TYPE = YES;
				GCC_WARN_UNINITIALIZED_AUTOS = YES;
				GCC_WARN_UNUSED_VARIABLE = YES;
				IPHONEOS_DEPLOYMENT_TARGET = 5.1;
				SDKROOT = iphoneos;
				TARGETED_DEVICE_FAMILY = 2;
			};
			name = Debug;
		};
		B2D2BF571602028B0040B206 /* Release */ = {
			isa = XCBuildConfiguration;
			buildSettings = {
				ALWAYS_SEARCH_USER_PATHS = NO;
				ARCHS = "$(ARCHS_STANDARD_32_BIT)";
				CLANG_CXX_LANGUAGE_STANDARD = "gnu++0x";
				CLANG_ENABLE_OBJC_ARC = YES;
				CLANG_WARN__DUPLICATE_METHOD_MATCH = YES;
				"CODE_SIGN_IDENTITY[sdk=iphoneos*]" = "iPhone Developer";
				COPY_PHASE_STRIP = YES;
				GCC_C_LANGUAGE_STANDARD = gnu99;
				GCC_VERSION = com.apple.compilers.llvm.clang.1_0;
				GCC_WARN_ABOUT_RETURN_TYPE = YES;
				GCC_WARN_UNINITIALIZED_AUTOS = YES;
				GCC_WARN_UNUSED_VARIABLE = YES;
				IPHONEOS_DEPLOYMENT_TARGET = 5.1;
				OTHER_CFLAGS = "-DNS_BLOCK_ASSERTIONS=1";
				SDKROOT = iphoneos;
				TARGETED_DEVICE_FAMILY = 2;
				VALIDATE_PRODUCT = YES;
			};
			name = Release;
		};
		B2D2BF591602028B0040B206 /* Debug */ = {
			isa = XCBuildConfiguration;
			buildSettings = {
				GCC_PRECOMPILE_PREFIX_HEADER = YES;
				GCC_PREFIX_HEADER = "TestKKGrid2/TestKKGrid2-Prefix.pch";
				INFOPLIST_FILE = "TestKKGrid2/TestKKGrid2-Info.plist";
				LIBRARY_SEARCH_PATHS = (
					"$(inherited)",
					"\"$(SRCROOT)/../../../../Library/Developer/Xcode/DerivedData/myTV.IOS-cwzhxrndmhqupkathwwtwnhldvgi/Build/Products/Debug-iphoneos\"",
				);
				PRODUCT_NAME = "$(TARGET_NAME)";
				WRAPPER_EXTENSION = app;
			};
			name = Debug;
		};
		B2D2BF5A1602028B0040B206 /* Release */ = {
			isa = XCBuildConfiguration;
			buildSettings = {
				GCC_PRECOMPILE_PREFIX_HEADER = YES;
				GCC_PREFIX_HEADER = "TestKKGrid2/TestKKGrid2-Prefix.pch";
				INFOPLIST_FILE = "TestKKGrid2/TestKKGrid2-Info.plist";
				LIBRARY_SEARCH_PATHS = (
					"$(inherited)",
					"\"$(SRCROOT)/../../../../Library/Developer/Xcode/DerivedData/myTV.IOS-cwzhxrndmhqupkathwwtwnhldvgi/Build/Products/Debug-iphoneos\"",
				);
				PRODUCT_NAME = "$(TARGET_NAME)";
				WRAPPER_EXTENSION = app;
			};
			name = Release;
		};
/* End XCBuildConfiguration section */

/* Begin XCConfigurationList section */
		B2D2BF341602028B0040B206 /* Build configuration list for PBXProject "TestKKGrid2" */ = {
			isa = XCConfigurationList;
			buildConfigurations = (
				B2D2BF561602028B0040B206 /* Debug */,
				B2D2BF571602028B0040B206 /* Release */,
			);
			defaultConfigurationIsVisible = 0;
			defaultConfigurationName = Release;
		};
		B2D2BF581602028B0040B206 /* Build configuration list for PBXNativeTarget "TestKKGrid2" */ = {
			isa = XCConfigurationList;
			buildConfigurations = (
				B2D2BF591602028B0040B206 /* Debug */,
				B2D2BF5A1602028B0040B206 /* Release */,
			);
			defaultConfigurationIsVisible = 0;
		};
/* End XCConfigurationList section */
	};
	rootObject = B2D2BF311602028B0040B206 /* Project object */;
}
