// !$*UTF8*$!
{
	archiveVersion = 1;
	classes = {
	};
	objectVersion = 46;
	objects = {

/* Begin PBXBuildFile section */
		371AA09815F89FFE006FCC06 /* UIKit.framework in Frameworks */ = {isa = PBXBuildFile; fileRef = 371AA09715F89FFE006FCC06 /* UIKit.framework */; };
		371AA09A15F89FFE006FCC06 /* Foundation.framework in Frameworks */ = {isa = PBXBuildFile; fileRef = 371AA09915F89FFE006FCC06 /* Foundation.framework */; };
		371AA09C15F89FFE006FCC06 /* CoreGraphics.framework in Frameworks */ = {isa = PBXBuildFile; fileRef = 371AA09B15F89FFE006FCC06 /* CoreGraphics.framework */; };
		371AA0A215F89FFE006FCC06 /* InfoPlist.strings in Resources */ = {isa = PBXBuildFile; fileRef = 371AA0A015F89FFE006FCC06 /* InfoPlist.strings */; };
		371AA0A415F89FFE006FCC06 /* main.m in Sources */ = {isa = PBXBuildFile; fileRef = 371AA0A315F89FFE006FCC06 /* main.m */; };
		371AA0A815F89FFE006FCC06 /* AppDelegate.m in Sources */ = {isa = PBXBuildFile; fileRef = 371AA0A715F89FFE006FCC06 /* AppDelegate.m */; };
		371AA0B015F89FFE006FCC06 /* SenTestingKit.framework in Frameworks */ = {isa = PBXBuildFile; fileRef = 371AA0AF15F89FFE006FCC06 /* SenTestingKit.framework */; };
		371AA0B115F89FFE006FCC06 /* UIKit.framework in Frameworks */ = {isa = PBXBuildFile; fileRef = 371AA09715F89FFE006FCC06 /* UIKit.framework */; };
		371AA0B215F89FFE006FCC06 /* Foundation.framework in Frameworks */ = {isa = PBXBuildFile; fileRef = 371AA09915F89FFE006FCC06 /* Foundation.framework */; };
		371AA0BA15F89FFE006FCC06 /* InfoPlist.strings in Resources */ = {isa = PBXBuildFile; fileRef = 371AA0B815F89FFE006FCC06 /* InfoPlist.strings */; };
		371AA0BD15F89FFE006FCC06 /* myTV_IOS_AppTests.m in Sources */ = {isa = PBXBuildFile; fileRef = 371AA0BC15F89FFE006FCC06 /* myTV_IOS_AppTests.m */; };
		371AA0EC15F8A131006FCC06 /* Channel.m in Sources */ = {isa = PBXBuildFile; fileRef = 371AA0C915F8A131006FCC06 /* Channel.m */; };
		371AA0ED15F8A131006FCC06 /* Channel.m in Sources */ = {isa = PBXBuildFile; fileRef = 371AA0C915F8A131006FCC06 /* Channel.m */; };
		371AA0EE15F8A131006FCC06 /* DataFetcher.m in Sources */ = {isa = PBXBuildFile; fileRef = 371AA0CB15F8A131006FCC06 /* DataFetcher.m */; };
		371AA0EF15F8A131006FCC06 /* DataFetcher.m in Sources */ = {isa = PBXBuildFile; fileRef = 371AA0CB15F8A131006FCC06 /* DataFetcher.m */; };
		371AA0F015F8A131006FCC06 /* Episode.m in Sources */ = {isa = PBXBuildFile; fileRef = 371AA0CD15F8A131006FCC06 /* Episode.m */; };
		371AA0F115F8A131006FCC06 /* Episode.m in Sources */ = {isa = PBXBuildFile; fileRef = 371AA0CD15F8A131006FCC06 /* Episode.m */; };
		371AA0F215F8A131006FCC06 /* Genre.m in Sources */ = {isa = PBXBuildFile; fileRef = 371AA0CF15F8A131006FCC06 /* Genre.m */; };
		371AA0F315F8A131006FCC06 /* Genre.m in Sources */ = {isa = PBXBuildFile; fileRef = 371AA0CF15F8A131006FCC06 /* Genre.m */; };
		371AA0F415F8A131006FCC06 /* ItemBase.m in Sources */ = {isa = PBXBuildFile; fileRef = 371AA0D115F8A131006FCC06 /* ItemBase.m */; };
		371AA0F515F8A131006FCC06 /* ItemBase.m in Sources */ = {isa = PBXBuildFile; fileRef = 371AA0D115F8A131006FCC06 /* ItemBase.m */; };
		371AA0F615F8A131006FCC06 /* Linking.m in Sources */ = {isa = PBXBuildFile; fileRef = 371AA0D315F8A131006FCC06 /* Linking.m */; };
		371AA0F715F8A131006FCC06 /* Linking.m in Sources */ = {isa = PBXBuildFile; fileRef = 371AA0D315F8A131006FCC06 /* Linking.m */; };
		371AA0F815F8A131006FCC06 /* MyTV_IOS.m in Sources */ = {isa = PBXBuildFile; fileRef = 371AA0D715F8A131006FCC06 /* MyTV_IOS.m */; };
		371AA0F915F8A131006FCC06 /* MyTV_IOS.m in Sources */ = {isa = PBXBuildFile; fileRef = 371AA0D715F8A131006FCC06 /* MyTV_IOS.m */; };
		371AA0FA15F8A131006FCC06 /* MyTVPackage.m in Sources */ = {isa = PBXBuildFile; fileRef = 371AA0D915F8A131006FCC06 /* MyTVPackage.m */; };
		371AA0FB15F8A131006FCC06 /* MyTVPackage.m in Sources */ = {isa = PBXBuildFile; fileRef = 371AA0D915F8A131006FCC06 /* MyTVPackage.m */; };
		371AA0FC15F8A131006FCC06 /* Program.m in Sources */ = {isa = PBXBuildFile; fileRef = 371AA0DB15F8A131006FCC06 /* Program.m */; };
		371AA0FD15F8A131006FCC06 /* Program.m in Sources */ = {isa = PBXBuildFile; fileRef = 371AA0DB15F8A131006FCC06 /* Program.m */; };
		371AA0FE15F8A131006FCC06 /* ProgramType.m in Sources */ = {isa = PBXBuildFile; fileRef = 371AA0DD15F8A131006FCC06 /* ProgramType.m */; };
		371AA0FF15F8A131006FCC06 /* ProgramType.m in Sources */ = {isa = PBXBuildFile; fileRef = 371AA0DD15F8A131006FCC06 /* ProgramType.m */; };
		371AA10015F8A131006FCC06 /* PurchaseInformation.m in Sources */ = {isa = PBXBuildFile; fileRef = 371AA0DF15F8A131006FCC06 /* PurchaseInformation.m */; };
		371AA10115F8A131006FCC06 /* PurchaseInformation.m in Sources */ = {isa = PBXBuildFile; fileRef = 371AA0DF15F8A131006FCC06 /* PurchaseInformation.m */; };
		371AA10215F8A131006FCC06 /* RestService.m in Sources */ = {isa = PBXBuildFile; fileRef = 371AA0E115F8A131006FCC06 /* RestService.m */; };
		371AA10315F8A131006FCC06 /* RestService.m in Sources */ = {isa = PBXBuildFile; fileRef = 371AA0E115F8A131006FCC06 /* RestService.m */; };
		371AA10415F8A131006FCC06 /* ScanHelper.m in Sources */ = {isa = PBXBuildFile; fileRef = 371AA0E315F8A131006FCC06 /* ScanHelper.m */; };
		371AA10515F8A131006FCC06 /* ScanHelper.m in Sources */ = {isa = PBXBuildFile; fileRef = 371AA0E315F8A131006FCC06 /* ScanHelper.m */; };
		371AA10615F8A131006FCC06 /* TBXML+Compression.m in Sources */ = {isa = PBXBuildFile; fileRef = 371AA0E515F8A131006FCC06 /* TBXML+Compression.m */; };
		371AA10715F8A131006FCC06 /* TBXML+Compression.m in Sources */ = {isa = PBXBuildFile; fileRef = 371AA0E515F8A131006FCC06 /* TBXML+Compression.m */; };
		371AA10815F8A131006FCC06 /* TBXML+HTTP.m in Sources */ = {isa = PBXBuildFile; fileRef = 371AA0E715F8A131006FCC06 /* TBXML+HTTP.m */; };
		371AA10915F8A131006FCC06 /* TBXML+HTTP.m in Sources */ = {isa = PBXBuildFile; fileRef = 371AA0E715F8A131006FCC06 /* TBXML+HTTP.m */; };
		371AA10A15F8A131006FCC06 /* TBXML.m in Sources */ = {isa = PBXBuildFile; fileRef = 371AA0E915F8A131006FCC06 /* TBXML.m */; };
		371AA10B15F8A131006FCC06 /* TBXML.m in Sources */ = {isa = PBXBuildFile; fileRef = 371AA0E915F8A131006FCC06 /* TBXML.m */; };
		371AA10C15F8A131006FCC06 /* VODPackage.m in Sources */ = {isa = PBXBuildFile; fileRef = 371AA0EB15F8A131006FCC06 /* VODPackage.m */; };
		371AA10D15F8A131006FCC06 /* VODPackage.m in Sources */ = {isa = PBXBuildFile; fileRef = 371AA0EB15F8A131006FCC06 /* VODPackage.m */; };
		371AA10F15F8A31E006FCC06 /* Security.framework in Frameworks */ = {isa = PBXBuildFile; fileRef = 371AA10E15F8A31E006FCC06 /* Security.framework */; };
		371AA11115F8A324006FCC06 /* libz.dylib in Frameworks */ = {isa = PBXBuildFile; fileRef = 371AA11015F8A324006FCC06 /* libz.dylib */; };
		371AA11915F8A563006FCC06 /* IPadViewController.m in Sources */ = {isa = PBXBuildFile; fileRef = 371AA11715F8A563006FCC06 /* IPadViewController.m */; };
		371AA11A15F8A563006FCC06 /* IPadViewController.m in Sources */ = {isa = PBXBuildFile; fileRef = 371AA11715F8A563006FCC06 /* IPadViewController.m */; };
		371AA11B15F8A563006FCC06 /* IPadViewController.xib in Resources */ = {isa = PBXBuildFile; fileRef = 371AA11815F8A563006FCC06 /* IPadViewController.xib */; };
		371AA11C15F8A563006FCC06 /* IPadViewController.xib in Resources */ = {isa = PBXBuildFile; fileRef = 371AA11815F8A563006FCC06 /* IPadViewController.xib */; };
		371AA12415F8A654006FCC06 /* MyTVViewController.m in Sources */ = {isa = PBXBuildFile; fileRef = 371AA12315F8A654006FCC06 /* MyTVViewController.m */; };
		371AA12515F8A654006FCC06 /* MyTVViewController.m in Sources */ = {isa = PBXBuildFile; fileRef = 371AA12315F8A654006FCC06 /* MyTVViewController.m */; };
		371AA12A15F8A6AC006FCC06 /* IPhoneViewController.m in Sources */ = {isa = PBXBuildFile; fileRef = 371AA12815F8A6AC006FCC06 /* IPhoneViewController.m */; };
		371AA12B15F8A6AC006FCC06 /* IPhoneViewController.m in Sources */ = {isa = PBXBuildFile; fileRef = 371AA12815F8A6AC006FCC06 /* IPhoneViewController.m */; };
		371AA12C15F8A6AC006FCC06 /* IPhoneViewController.xib in Resources */ = {isa = PBXBuildFile; fileRef = 371AA12915F8A6AC006FCC06 /* IPhoneViewController.xib */; };
		371AA12D15F8A6AC006FCC06 /* IPhoneViewController.xib in Resources */ = {isa = PBXBuildFile; fileRef = 371AA12915F8A6AC006FCC06 /* IPhoneViewController.xib */; };
/* End PBXBuildFile section */

/* Begin PBXContainerItemProxy section */
		371AA0B315F89FFE006FCC06 /* PBXContainerItemProxy */ = {
			isa = PBXContainerItemProxy;
			containerPortal = 371AA08A15F89FFE006FCC06 /* Project object */;
			proxyType = 1;
			remoteGlobalIDString = 371AA09215F89FFE006FCC06;
			remoteInfo = myTV.IOS.App;
		};
/* End PBXContainerItemProxy section */

/* Begin PBXFileReference section */
		371AA09315F89FFE006FCC06 /* myTV.IOS.App.app */ = {isa = PBXFileReference; explicitFileType = wrapper.application; includeInIndex = 0; path = myTV.IOS.App.app; sourceTree = BUILT_PRODUCTS_DIR; };
		371AA09715F89FFE006FCC06 /* UIKit.framework */ = {isa = PBXFileReference; lastKnownFileType = wrapper.framework; name = UIKit.framework; path = System/Library/Frameworks/UIKit.framework; sourceTree = SDKROOT; };
		371AA09915F89FFE006FCC06 /* Foundation.framework */ = {isa = PBXFileReference; lastKnownFileType = wrapper.framework; name = Foundation.framework; path = System/Library/Frameworks/Foundation.framework; sourceTree = SDKROOT; };
		371AA09B15F89FFE006FCC06 /* CoreGraphics.framework */ = {isa = PBXFileReference; lastKnownFileType = wrapper.framework; name = CoreGraphics.framework; path = System/Library/Frameworks/CoreGraphics.framework; sourceTree = SDKROOT; };
		371AA09F15F89FFE006FCC06 /* myTV.IOS.App-Info.plist */ = {isa = PBXFileReference; lastKnownFileType = text.plist.xml; path = "myTV.IOS.App-Info.plist"; sourceTree = "<group>"; };
		371AA0A115F89FFE006FCC06 /* en */ = {isa = PBXFileReference; lastKnownFileType = text.plist.strings; name = en; path = en.lproj/InfoPlist.strings; sourceTree = "<group>"; };
		371AA0A315F89FFE006FCC06 /* main.m */ = {isa = PBXFileReference; lastKnownFileType = sourcecode.c.objc; path = main.m; sourceTree = "<group>"; };
		371AA0A515F89FFE006FCC06 /* myTV.IOS.App-Prefix.pch */ = {isa = PBXFileReference; lastKnownFileType = sourcecode.c.h; path = "myTV.IOS.App-Prefix.pch"; sourceTree = "<group>"; };
		371AA0A615F89FFE006FCC06 /* AppDelegate.h */ = {isa = PBXFileReference; lastKnownFileType = sourcecode.c.h; path = AppDelegate.h; sourceTree = "<group>"; };
		371AA0A715F89FFE006FCC06 /* AppDelegate.m */ = {isa = PBXFileReference; lastKnownFileType = sourcecode.c.objc; path = AppDelegate.m; sourceTree = "<group>"; };
		371AA0AE15F89FFE006FCC06 /* myTV.IOS.AppTests.octest */ = {isa = PBXFileReference; explicitFileType = wrapper.cfbundle; includeInIndex = 0; path = myTV.IOS.AppTests.octest; sourceTree = BUILT_PRODUCTS_DIR; };
		371AA0AF15F89FFE006FCC06 /* SenTestingKit.framework */ = {isa = PBXFileReference; lastKnownFileType = wrapper.framework; name = SenTestingKit.framework; path = Library/Frameworks/SenTestingKit.framework; sourceTree = DEVELOPER_DIR; };
		371AA0B715F89FFE006FCC06 /* myTV.IOS.AppTests-Info.plist */ = {isa = PBXFileReference; lastKnownFileType = text.plist.xml; path = "myTV.IOS.AppTests-Info.plist"; sourceTree = "<group>"; };
		371AA0B915F89FFE006FCC06 /* en */ = {isa = PBXFileReference; lastKnownFileType = text.plist.strings; name = en; path = en.lproj/InfoPlist.strings; sourceTree = "<group>"; };
		371AA0BB15F89FFE006FCC06 /* myTV_IOS_AppTests.h */ = {isa = PBXFileReference; lastKnownFileType = sourcecode.c.h; path = myTV_IOS_AppTests.h; sourceTree = "<group>"; };
		371AA0BC15F89FFE006FCC06 /* myTV_IOS_AppTests.m */ = {isa = PBXFileReference; lastKnownFileType = sourcecode.c.objc; path = myTV_IOS_AppTests.m; sourceTree = "<group>"; };
		371AA0C815F8A131006FCC06 /* Channel.h */ = {isa = PBXFileReference; fileEncoding = 4; lastKnownFileType = sourcecode.c.h; path = Channel.h; sourceTree = "<group>"; };
		371AA0C915F8A131006FCC06 /* Channel.m */ = {isa = PBXFileReference; fileEncoding = 4; lastKnownFileType = sourcecode.c.objc; path = Channel.m; sourceTree = "<group>"; };
		371AA0CA15F8A131006FCC06 /* DataFetcher.h */ = {isa = PBXFileReference; fileEncoding = 4; lastKnownFileType = sourcecode.c.h; path = DataFetcher.h; sourceTree = "<group>"; };
		371AA0CB15F8A131006FCC06 /* DataFetcher.m */ = {isa = PBXFileReference; fileEncoding = 4; lastKnownFileType = sourcecode.c.objc; path = DataFetcher.m; sourceTree = "<group>"; };
		371AA0CC15F8A131006FCC06 /* Episode.h */ = {isa = PBXFileReference; fileEncoding = 4; lastKnownFileType = sourcecode.c.h; path = Episode.h; sourceTree = "<group>"; };
		371AA0CD15F8A131006FCC06 /* Episode.m */ = {isa = PBXFileReference; fileEncoding = 4; lastKnownFileType = sourcecode.c.objc; path = Episode.m; sourceTree = "<group>"; };
		371AA0CE15F8A131006FCC06 /* Genre.h */ = {isa = PBXFileReference; fileEncoding = 4; lastKnownFileType = sourcecode.c.h; path = Genre.h; sourceTree = "<group>"; };
		371AA0CF15F8A131006FCC06 /* Genre.m */ = {isa = PBXFileReference; fileEncoding = 4; lastKnownFileType = sourcecode.c.objc; path = Genre.m; sourceTree = "<group>"; };
		371AA0D015F8A131006FCC06 /* ItemBase.h */ = {isa = PBXFileReference; fileEncoding = 4; lastKnownFileType = sourcecode.c.h; path = ItemBase.h; sourceTree = "<group>"; };
		371AA0D115F8A131006FCC06 /* ItemBase.m */ = {isa = PBXFileReference; fileEncoding = 4; lastKnownFileType = sourcecode.c.objc; path = ItemBase.m; sourceTree = "<group>"; };
		371AA0D215F8A131006FCC06 /* Linking.h */ = {isa = PBXFileReference; fileEncoding = 4; lastKnownFileType = sourcecode.c.h; path = Linking.h; sourceTree = "<group>"; };
		371AA0D315F8A131006FCC06 /* Linking.m */ = {isa = PBXFileReference; fileEncoding = 4; lastKnownFileType = sourcecode.c.objc; path = Linking.m; sourceTree = "<group>"; };
		371AA0D415F8A131006FCC06 /* Logging.h */ = {isa = PBXFileReference; fileEncoding = 4; lastKnownFileType = sourcecode.c.h; path = Logging.h; sourceTree = "<group>"; };
		371AA0D515F8A131006FCC06 /* MyTV.IOS-Prefix.pch */ = {isa = PBXFileReference; fileEncoding = 4; lastKnownFileType = sourcecode.c.h; path = "MyTV.IOS-Prefix.pch"; sourceTree = "<group>"; };
		371AA0D615F8A131006FCC06 /* MyTV_IOS.h */ = {isa = PBXFileReference; fileEncoding = 4; lastKnownFileType = sourcecode.c.h; path = MyTV_IOS.h; sourceTree = "<group>"; };
		371AA0D715F8A131006FCC06 /* MyTV_IOS.m */ = {isa = PBXFileReference; fileEncoding = 4; lastKnownFileType = sourcecode.c.objc; path = MyTV_IOS.m; sourceTree = "<group>"; };
		371AA0D815F8A131006FCC06 /* MyTVPackage.h */ = {isa = PBXFileReference; fileEncoding = 4; lastKnownFileType = sourcecode.c.h; path = MyTVPackage.h; sourceTree = "<group>"; };
		371AA0D915F8A131006FCC06 /* MyTVPackage.m */ = {isa = PBXFileReference; fileEncoding = 4; lastKnownFileType = sourcecode.c.objc; path = MyTVPackage.m; sourceTree = "<group>"; };
		371AA0DA15F8A131006FCC06 /* Program.h */ = {isa = PBXFileReference; fileEncoding = 4; lastKnownFileType = sourcecode.c.h; path = Program.h; sourceTree = "<group>"; };
		371AA0DB15F8A131006FCC06 /* Program.m */ = {isa = PBXFileReference; fileEncoding = 4; lastKnownFileType = sourcecode.c.objc; path = Program.m; sourceTree = "<group>"; };
		371AA0DC15F8A131006FCC06 /* ProgramType.h */ = {isa = PBXFileReference; fileEncoding = 4; lastKnownFileType = sourcecode.c.h; path = ProgramType.h; sourceTree = "<group>"; };
		371AA0DD15F8A131006FCC06 /* ProgramType.m */ = {isa = PBXFileReference; fileEncoding = 4; lastKnownFileType = sourcecode.c.objc; path = ProgramType.m; sourceTree = "<group>"; };
		371AA0DE15F8A131006FCC06 /* PurchaseInformation.h */ = {isa = PBXFileReference; fileEncoding = 4; lastKnownFileType = sourcecode.c.h; path = PurchaseInformation.h; sourceTree = "<group>"; };
		371AA0DF15F8A131006FCC06 /* PurchaseInformation.m */ = {isa = PBXFileReference; fileEncoding = 4; lastKnownFileType = sourcecode.c.objc; path = PurchaseInformation.m; sourceTree = "<group>"; };
		371AA0E015F8A131006FCC06 /* RestService.h */ = {isa = PBXFileReference; fileEncoding = 4; lastKnownFileType = sourcecode.c.h; path = RestService.h; sourceTree = "<group>"; };
		371AA0E115F8A131006FCC06 /* RestService.m */ = {isa = PBXFileReference; fileEncoding = 4; lastKnownFileType = sourcecode.c.objc; path = RestService.m; sourceTree = "<group>"; };
		371AA0E215F8A131006FCC06 /* ScanHelper.h */ = {isa = PBXFileReference; fileEncoding = 4; lastKnownFileType = sourcecode.c.h; path = ScanHelper.h; sourceTree = "<group>"; };
		371AA0E315F8A131006FCC06 /* ScanHelper.m */ = {isa = PBXFileReference; fileEncoding = 4; lastKnownFileType = sourcecode.c.objc; path = ScanHelper.m; sourceTree = "<group>"; };
		371AA0E415F8A131006FCC06 /* TBXML+Compression.h */ = {isa = PBXFileReference; fileEncoding = 4; lastKnownFileType = sourcecode.c.h; path = "TBXML+Compression.h"; sourceTree = "<group>"; };
		371AA0E515F8A131006FCC06 /* TBXML+Compression.m */ = {isa = PBXFileReference; fileEncoding = 4; lastKnownFileType = sourcecode.c.objc; path = "TBXML+Compression.m"; sourceTree = "<group>"; };
		371AA0E615F8A131006FCC06 /* TBXML+HTTP.h */ = {isa = PBXFileReference; fileEncoding = 4; lastKnownFileType = sourcecode.c.h; path = "TBXML+HTTP.h"; sourceTree = "<group>"; };
		371AA0E715F8A131006FCC06 /* TBXML+HTTP.m */ = {isa = PBXFileReference; fileEncoding = 4; lastKnownFileType = sourcecode.c.objc; path = "TBXML+HTTP.m"; sourceTree = "<group>"; };
		371AA0E815F8A131006FCC06 /* TBXML.h */ = {isa = PBXFileReference; fileEncoding = 4; lastKnownFileType = sourcecode.c.h; path = TBXML.h; sourceTree = "<group>"; };
		371AA0E915F8A131006FCC06 /* TBXML.m */ = {isa = PBXFileReference; fileEncoding = 4; lastKnownFileType = sourcecode.c.objc; path = TBXML.m; sourceTree = "<group>"; };
		371AA0EA15F8A131006FCC06 /* VODPackage.h */ = {isa = PBXFileReference; fileEncoding = 4; lastKnownFileType = sourcecode.c.h; path = VODPackage.h; sourceTree = "<group>"; };
		371AA0EB15F8A131006FCC06 /* VODPackage.m */ = {isa = PBXFileReference; fileEncoding = 4; lastKnownFileType = sourcecode.c.objc; path = VODPackage.m; sourceTree = "<group>"; };
		371AA10E15F8A31E006FCC06 /* Security.framework */ = {isa = PBXFileReference; lastKnownFileType = wrapper.framework; name = Security.framework; path = System/Library/Frameworks/Security.framework; sourceTree = SDKROOT; };
		371AA11015F8A324006FCC06 /* libz.dylib */ = {isa = PBXFileReference; lastKnownFileType = "compiled.mach-o.dylib"; name = libz.dylib; path = usr/lib/libz.dylib; sourceTree = SDKROOT; };
		371AA11615F8A563006FCC06 /* IPadViewController.h */ = {isa = PBXFileReference; fileEncoding = 4; lastKnownFileType = sourcecode.c.h; path = IPadViewController.h; sourceTree = "<group>"; };
		371AA11715F8A563006FCC06 /* IPadViewController.m */ = {isa = PBXFileReference; fileEncoding = 4; lastKnownFileType = sourcecode.c.objc; path = IPadViewController.m; sourceTree = "<group>"; };
		371AA11815F8A563006FCC06 /* IPadViewController.xib */ = {isa = PBXFileReference; fileEncoding = 4; lastKnownFileType = file.xib; path = IPadViewController.xib; sourceTree = "<group>"; };
		371AA12215F8A654006FCC06 /* MyTVViewController.h */ = {isa = PBXFileReference; fileEncoding = 4; lastKnownFileType = sourcecode.c.h; path = MyTVViewController.h; sourceTree = "<group>"; };
		371AA12315F8A654006FCC06 /* MyTVViewController.m */ = {isa = PBXFileReference; fileEncoding = 4; lastKnownFileType = sourcecode.c.objc; path = MyTVViewController.m; sourceTree = "<group>"; };
		371AA12715F8A6AC006FCC06 /* IPhoneViewController.h */ = {isa = PBXFileReference; fileEncoding = 4; lastKnownFileType = sourcecode.c.h; path = IPhoneViewController.h; sourceTree = "<group>"; };
		371AA12815F8A6AC006FCC06 /* IPhoneViewController.m */ = {isa = PBXFileReference; fileEncoding = 4; lastKnownFileType = sourcecode.c.objc; path = IPhoneViewController.m; sourceTree = "<group>"; };
		371AA12915F8A6AC006FCC06 /* IPhoneViewController.xib */ = {isa = PBXFileReference; fileEncoding = 4; lastKnownFileType = file.xib; path = IPhoneViewController.xib; sourceTree = "<group>"; };
/* End PBXFileReference section */

/* Begin PBXFrameworksBuildPhase section */
		371AA09015F89FFE006FCC06 /* Frameworks */ = {
			isa = PBXFrameworksBuildPhase;
			buildActionMask = 2147483647;
			files = (
				371AA11115F8A324006FCC06 /* libz.dylib in Frameworks */,
				371AA10F15F8A31E006FCC06 /* Security.framework in Frameworks */,
				371AA09815F89FFE006FCC06 /* UIKit.framework in Frameworks */,
				371AA09A15F89FFE006FCC06 /* Foundation.framework in Frameworks */,
				371AA09C15F89FFE006FCC06 /* CoreGraphics.framework in Frameworks */,
			);
			runOnlyForDeploymentPostprocessing = 0;
		};
		371AA0AA15F89FFE006FCC06 /* Frameworks */ = {
			isa = PBXFrameworksBuildPhase;
			buildActionMask = 2147483647;
			files = (
				371AA0B015F89FFE006FCC06 /* SenTestingKit.framework in Frameworks */,
				371AA0B115F89FFE006FCC06 /* UIKit.framework in Frameworks */,
				371AA0B215F89FFE006FCC06 /* Foundation.framework in Frameworks */,
			);
			runOnlyForDeploymentPostprocessing = 0;
		};
/* End PBXFrameworksBuildPhase section */

/* Begin PBXGroup section */
		371AA08815F89FFE006FCC06 = {
			isa = PBXGroup;
			children = (
				371AA09D15F89FFE006FCC06 /* myTV.IOS.App */,
				371AA0B515F89FFE006FCC06 /* myTV.IOS.AppTests */,
				371AA09615F89FFE006FCC06 /* Frameworks */,
				371AA09415F89FFE006FCC06 /* Products */,
			);
			sourceTree = "<group>";
		};
		371AA09415F89FFE006FCC06 /* Products */ = {
			isa = PBXGroup;
			children = (
				371AA09315F89FFE006FCC06 /* myTV.IOS.App.app */,
				371AA0AE15F89FFE006FCC06 /* myTV.IOS.AppTests.octest */,
			);
			name = Products;
			sourceTree = "<group>";
		};
		371AA09615F89FFE006FCC06 /* Frameworks */ = {
			isa = PBXGroup;
			children = (
				371AA11015F8A324006FCC06 /* libz.dylib */,
				371AA10E15F8A31E006FCC06 /* Security.framework */,
				371AA09715F89FFE006FCC06 /* UIKit.framework */,
				371AA09915F89FFE006FCC06 /* Foundation.framework */,
				371AA09B15F89FFE006FCC06 /* CoreGraphics.framework */,
				371AA0AF15F89FFE006FCC06 /* SenTestingKit.framework */,
			);
			name = Frameworks;
			sourceTree = "<group>";
		};
		371AA09D15F89FFE006FCC06 /* myTV.IOS.App */ = {
			isa = PBXGroup;
			children = (
				371AA0C715F8A131006FCC06 /* MyTV.IOS */,
				371AA12115F8A62D006FCC06 /* Common */,
				371AA11215F8A47C006FCC06 /* IPad */,
				371AA12615F8A682006FCC06 /* IPhone */,
				371AA09E15F89FFE006FCC06 /* Supporting Files */,
				371AA0A615F89FFE006FCC06 /* AppDelegate.h */,
				371AA0A715F89FFE006FCC06 /* AppDelegate.m */,
			);
			path = myTV.IOS.App;
			sourceTree = "<group>";
		};
		371AA09E15F89FFE006FCC06 /* Supporting Files */ = {
			isa = PBXGroup;
			children = (
				371AA09F15F89FFE006FCC06 /* myTV.IOS.App-Info.plist */,
				371AA0A015F89FFE006FCC06 /* InfoPlist.strings */,
				371AA0A315F89FFE006FCC06 /* main.m */,
				371AA0A515F89FFE006FCC06 /* myTV.IOS.App-Prefix.pch */,
			);
			name = "Supporting Files";
			sourceTree = "<group>";
		};
		371AA0B515F89FFE006FCC06 /* myTV.IOS.AppTests */ = {
			isa = PBXGroup;
			children = (
				371AA0BB15F89FFE006FCC06 /* myTV_IOS_AppTests.h */,
				371AA0BC15F89FFE006FCC06 /* myTV_IOS_AppTests.m */,
				371AA0B615F89FFE006FCC06 /* Supporting Files */,
			);
			path = myTV.IOS.AppTests;
			sourceTree = "<group>";
		};
		371AA0B615F89FFE006FCC06 /* Supporting Files */ = {
			isa = PBXGroup;
			children = (
				371AA0B715F89FFE006FCC06 /* myTV.IOS.AppTests-Info.plist */,
				371AA0B815F89FFE006FCC06 /* InfoPlist.strings */,
			);
			name = "Supporting Files";
			sourceTree = "<group>";
		};
		371AA0C715F8A131006FCC06 /* MyTV.IOS */ = {
			isa = PBXGroup;
			children = (
				371AA0C815F8A131006FCC06 /* Channel.h */,
				371AA0C915F8A131006FCC06 /* Channel.m */,
				371AA0CA15F8A131006FCC06 /* DataFetcher.h */,
				371AA0CB15F8A131006FCC06 /* DataFetcher.m */,
				371AA0CC15F8A131006FCC06 /* Episode.h */,
				371AA0CD15F8A131006FCC06 /* Episode.m */,
				371AA0CE15F8A131006FCC06 /* Genre.h */,
				371AA0CF15F8A131006FCC06 /* Genre.m */,
				371AA0D015F8A131006FCC06 /* ItemBase.h */,
				371AA0D115F8A131006FCC06 /* ItemBase.m */,
				371AA0D215F8A131006FCC06 /* Linking.h */,
				371AA0D315F8A131006FCC06 /* Linking.m */,
				371AA0D415F8A131006FCC06 /* Logging.h */,
				371AA0D515F8A131006FCC06 /* MyTV.IOS-Prefix.pch */,
				371AA0D615F8A131006FCC06 /* MyTV_IOS.h */,
				371AA0D715F8A131006FCC06 /* MyTV_IOS.m */,
				371AA0D815F8A131006FCC06 /* MyTVPackage.h */,
				371AA0D915F8A131006FCC06 /* MyTVPackage.m */,
				371AA0DA15F8A131006FCC06 /* Program.h */,
				371AA0DB15F8A131006FCC06 /* Program.m */,
				371AA0DC15F8A131006FCC06 /* ProgramType.h */,
				371AA0DD15F8A131006FCC06 /* ProgramType.m */,
				371AA0DE15F8A131006FCC06 /* PurchaseInformation.h */,
				371AA0DF15F8A131006FCC06 /* PurchaseInformation.m */,
				371AA0E015F8A131006FCC06 /* RestService.h */,
				371AA0E115F8A131006FCC06 /* RestService.m */,
				371AA0E215F8A131006FCC06 /* ScanHelper.h */,
				371AA0E315F8A131006FCC06 /* ScanHelper.m */,
				371AA0E415F8A131006FCC06 /* TBXML+Compression.h */,
				371AA0E515F8A131006FCC06 /* TBXML+Compression.m */,
				371AA0E615F8A131006FCC06 /* TBXML+HTTP.h */,
				371AA0E715F8A131006FCC06 /* TBXML+HTTP.m */,
				371AA0E815F8A131006FCC06 /* TBXML.h */,
				371AA0E915F8A131006FCC06 /* TBXML.m */,
				371AA0EA15F8A131006FCC06 /* VODPackage.h */,
				371AA0EB15F8A131006FCC06 /* VODPackage.m */,
			);
			name = MyTV.IOS;
			path = ../../MyTV.IOS.Framework/MyTV.IOS;
			sourceTree = "<group>";
		};
		371AA11215F8A47C006FCC06 /* IPad */ = {
			isa = PBXGroup;
			children = (
				371AA11615F8A563006FCC06 /* IPadViewController.h */,
				371AA11715F8A563006FCC06 /* IPadViewController.m */,
				371AA11815F8A563006FCC06 /* IPadViewController.xib */,
			);
			name = IPad;
			sourceTree = "<group>";
		};
		371AA12115F8A62D006FCC06 /* Common */ = {
			isa = PBXGroup;
			children = (
				371AA12215F8A654006FCC06 /* MyTVViewController.h */,
				371AA12315F8A654006FCC06 /* MyTVViewController.m */,
			);
			name = Common;
			sourceTree = "<group>";
		};
		371AA12615F8A682006FCC06 /* IPhone */ = {
			isa = PBXGroup;
			children = (
				371AA12715F8A6AC006FCC06 /* IPhoneViewController.h */,
				371AA12815F8A6AC006FCC06 /* IPhoneViewController.m */,
				371AA12915F8A6AC006FCC06 /* IPhoneViewController.xib */,
			);
			name = IPhone;
			sourceTree = "<group>";
		};
/* End PBXGroup section */

/* Begin PBXNativeTarget section */
		371AA09215F89FFE006FCC06 /* myTV.IOS.App */ = {
			isa = PBXNativeTarget;
			buildConfigurationList = 371AA0C015F89FFE006FCC06 /* Build configuration list for PBXNativeTarget "myTV.IOS.App" */;
			buildPhases = (
				371AA08F15F89FFE006FCC06 /* Sources */,
				371AA09015F89FFE006FCC06 /* Frameworks */,
				371AA09115F89FFE006FCC06 /* Resources */,
			);
			buildRules = (
			);
			dependencies = (
			);
			name = myTV.IOS.App;
			productName = myTV.IOS.App;
			productReference = 371AA09315F89FFE006FCC06 /* myTV.IOS.App.app */;
			productType = "com.apple.product-type.application";
		};
		371AA0AD15F89FFE006FCC06 /* myTV.IOS.AppTests */ = {
			isa = PBXNativeTarget;
			buildConfigurationList = 371AA0C315F89FFE006FCC06 /* Build configuration list for PBXNativeTarget "myTV.IOS.AppTests" */;
			buildPhases = (
				371AA0A915F89FFE006FCC06 /* Sources */,
				371AA0AA15F89FFE006FCC06 /* Frameworks */,
				371AA0AB15F89FFE006FCC06 /* Resources */,
				371AA0AC15F89FFE006FCC06 /* ShellScript */,
			);
			buildRules = (
			);
			dependencies = (
				371AA0B415F89FFE006FCC06 /* PBXTargetDependency */,
			);
			name = myTV.IOS.AppTests;
			productName = myTV.IOS.AppTests;
			productReference = 371AA0AE15F89FFE006FCC06 /* myTV.IOS.AppTests.octest */;
			productType = "com.apple.product-type.bundle";
		};
/* End PBXNativeTarget section */

/* Begin PBXProject section */
		371AA08A15F89FFE006FCC06 /* Project object */ = {
			isa = PBXProject;
			attributes = {
				LastUpgradeCheck = 0440;
				ORGANIZATIONNAME = "Omar Ayoub-Salloum";
			};
			buildConfigurationList = 371AA08D15F89FFE006FCC06 /* Build configuration list for PBXProject "myTV.IOS.App" */;
			compatibilityVersion = "Xcode 3.2";
			developmentRegion = English;
			hasScannedForEncodings = 0;
			knownRegions = (
				en,
			);
			mainGroup = 371AA08815F89FFE006FCC06;
			productRefGroup = 371AA09415F89FFE006FCC06 /* Products */;
			projectDirPath = "";
			projectRoot = "";
			targets = (
				371AA09215F89FFE006FCC06 /* myTV.IOS.App */,
				371AA0AD15F89FFE006FCC06 /* myTV.IOS.AppTests */,
			);
		};
/* End PBXProject section */

/* Begin PBXResourcesBuildPhase section */
		371AA09115F89FFE006FCC06 /* Resources */ = {
			isa = PBXResourcesBuildPhase;
			buildActionMask = 2147483647;
			files = (
				371AA0A215F89FFE006FCC06 /* InfoPlist.strings in Resources */,
				371AA11B15F8A563006FCC06 /* IPadViewController.xib in Resources */,
				371AA12C15F8A6AC006FCC06 /* IPhoneViewController.xib in Resources */,
			);
			runOnlyForDeploymentPostprocessing = 0;
		};
		371AA0AB15F89FFE006FCC06 /* Resources */ = {
			isa = PBXResourcesBuildPhase;
			buildActionMask = 2147483647;
			files = (
				371AA0BA15F89FFE006FCC06 /* InfoPlist.strings in Resources */,
				371AA11C15F8A563006FCC06 /* IPadViewController.xib in Resources */,
				371AA12D15F8A6AC006FCC06 /* IPhoneViewController.xib in Resources */,
			);
			runOnlyForDeploymentPostprocessing = 0;
		};
/* End PBXResourcesBuildPhase section */

/* Begin PBXShellScriptBuildPhase section */
		371AA0AC15F89FFE006FCC06 /* ShellScript */ = {
			isa = PBXShellScriptBuildPhase;
			buildActionMask = 2147483647;
			files = (
			);
			inputPaths = (
			);
			outputPaths = (
			);
			runOnlyForDeploymentPostprocessing = 0;
			shellPath = /bin/sh;
			shellScript = "# Run the unit tests in this test bundle.\n\"${SYSTEM_DEVELOPER_DIR}/Tools/RunUnitTests\"\n";
		};
/* End PBXShellScriptBuildPhase section */

/* Begin PBXSourcesBuildPhase section */
		371AA08F15F89FFE006FCC06 /* Sources */ = {
			isa = PBXSourcesBuildPhase;
			buildActionMask = 2147483647;
			files = (
				371AA0A415F89FFE006FCC06 /* main.m in Sources */,
				371AA0A815F89FFE006FCC06 /* AppDelegate.m in Sources */,
				371AA0EC15F8A131006FCC06 /* Channel.m in Sources */,
				371AA0EE15F8A131006FCC06 /* DataFetcher.m in Sources */,
				371AA0F015F8A131006FCC06 /* Episode.m in Sources */,
				371AA0F215F8A131006FCC06 /* Genre.m in Sources */,
				371AA0F415F8A131006FCC06 /* ItemBase.m in Sources */,
				371AA0F615F8A131006FCC06 /* Linking.m in Sources */,
				371AA0F815F8A131006FCC06 /* MyTV_IOS.m in Sources */,
				371AA0FA15F8A131006FCC06 /* MyTVPackage.m in Sources */,
				371AA0FC15F8A131006FCC06 /* Program.m in Sources */,
				371AA0FE15F8A131006FCC06 /* ProgramType.m in Sources */,
				371AA10015F8A131006FCC06 /* PurchaseInformation.m in Sources */,
				371AA10215F8A131006FCC06 /* RestService.m in Sources */,
				371AA10415F8A131006FCC06 /* ScanHelper.m in Sources */,
				371AA10615F8A131006FCC06 /* TBXML+Compression.m in Sources */,
				371AA10815F8A131006FCC06 /* TBXML+HTTP.m in Sources */,
				371AA10A15F8A131006FCC06 /* TBXML.m in Sources */,
				371AA10C15F8A131006FCC06 /* VODPackage.m in Sources */,
				371AA11915F8A563006FCC06 /* IPadViewController.m in Sources */,
				371AA12415F8A654006FCC06 /* MyTVViewController.m in Sources */,
				371AA12A15F8A6AC006FCC06 /* IPhoneViewController.m in Sources */,
			);
			runOnlyForDeploymentPostprocessing = 0;
		};
		371AA0A915F89FFE006FCC06 /* Sources */ = {
			isa = PBXSourcesBuildPhase;
			buildActionMask = 2147483647;
			files = (
				371AA0BD15F89FFE006FCC06 /* myTV_IOS_AppTests.m in Sources */,
				371AA0ED15F8A131006FCC06 /* Channel.m in Sources */,
				371AA0EF15F8A131006FCC06 /* DataFetcher.m in Sources */,
				371AA0F115F8A131006FCC06 /* Episode.m in Sources */,
				371AA0F315F8A131006FCC06 /* Genre.m in Sources */,
				371AA0F515F8A131006FCC06 /* ItemBase.m in Sources */,
				371AA0F715F8A131006FCC06 /* Linking.m in Sources */,
				371AA0F915F8A131006FCC06 /* MyTV_IOS.m in Sources */,
				371AA0FB15F8A131006FCC06 /* MyTVPackage.m in Sources */,
				371AA0FD15F8A131006FCC06 /* Program.m in Sources */,
				371AA0FF15F8A131006FCC06 /* ProgramType.m in Sources */,
				371AA10115F8A131006FCC06 /* PurchaseInformation.m in Sources */,
				371AA10315F8A131006FCC06 /* RestService.m in Sources */,
				371AA10515F8A131006FCC06 /* ScanHelper.m in Sources */,
				371AA10715F8A131006FCC06 /* TBXML+Compression.m in Sources */,
				371AA10915F8A131006FCC06 /* TBXML+HTTP.m in Sources */,
				371AA10B15F8A131006FCC06 /* TBXML.m in Sources */,
				371AA10D15F8A131006FCC06 /* VODPackage.m in Sources */,
				371AA11A15F8A563006FCC06 /* IPadViewController.m in Sources */,
				371AA12515F8A654006FCC06 /* MyTVViewController.m in Sources */,
				371AA12B15F8A6AC006FCC06 /* IPhoneViewController.m in Sources */,
			);
			runOnlyForDeploymentPostprocessing = 0;
		};
/* End PBXSourcesBuildPhase section */

/* Begin PBXTargetDependency section */
		371AA0B415F89FFE006FCC06 /* PBXTargetDependency */ = {
			isa = PBXTargetDependency;
			target = 371AA09215F89FFE006FCC06 /* myTV.IOS.App */;
			targetProxy = 371AA0B315F89FFE006FCC06 /* PBXContainerItemProxy */;
		};
/* End PBXTargetDependency section */

/* Begin PBXVariantGroup section */
		371AA0A015F89FFE006FCC06 /* InfoPlist.strings */ = {
			isa = PBXVariantGroup;
			children = (
				371AA0A115F89FFE006FCC06 /* en */,
			);
			name = InfoPlist.strings;
			sourceTree = "<group>";
		};
		371AA0B815F89FFE006FCC06 /* InfoPlist.strings */ = {
			isa = PBXVariantGroup;
			children = (
				371AA0B915F89FFE006FCC06 /* en */,
			);
			name = InfoPlist.strings;
			sourceTree = "<group>";
		};
/* End PBXVariantGroup section */

/* Begin XCBuildConfiguration section */
		371AA0BE15F89FFE006FCC06 /* Debug */ = {
			isa = XCBuildConfiguration;
			buildSettings = {
				ALWAYS_SEARCH_USER_PATHS = NO;
				ARCHS = "$(ARCHS_STANDARD_32_BIT)";
				CLANG_CXX_LANGUAGE_STANDARD = "gnu++0x";
				CLANG_ENABLE_OBJC_ARC = YES;
				CLANG_WARN__DUPLICATE_METHOD_MATCH = YES;
				"CODE_SIGN_IDENTITY[sdk=iphoneos*]" = "iPhone Developer";
				COPY_PHASE_STRIP = NO;
				GCC_C_LANGUAGE_STANDARD = gnu99;
				GCC_DYNAMIC_NO_PIC = NO;
				GCC_OPTIMIZATION_LEVEL = 0;
				GCC_PREPROCESSOR_DEFINITIONS = (
					"DEBUG=1",
					"$(inherited)",
				);
				GCC_SYMBOLS_PRIVATE_EXTERN = NO;
				GCC_VERSION = com.apple.compilers.llvm.clang.1_0;
				GCC_WARN_ABOUT_RETURN_TYPE = YES;
				GCC_WARN_UNINITIALIZED_AUTOS = YES;
				GCC_WARN_UNUSED_VARIABLE = YES;
				IPHONEOS_DEPLOYMENT_TARGET = 4.0;
				SDKROOT = iphoneos;
				TARGETED_DEVICE_FAMILY = "1,2";
			};
			name = Debug;
		};
		371AA0BF15F89FFE006FCC06 /* Release */ = {
			isa = XCBuildConfiguration;
			buildSettings = {
				ALWAYS_SEARCH_USER_PATHS = NO;
				ARCHS = "$(ARCHS_STANDARD_32_BIT)";
				CLANG_CXX_LANGUAGE_STANDARD = "gnu++0x";
				CLANG_ENABLE_OBJC_ARC = YES;
				CLANG_WARN__DUPLICATE_METHOD_MATCH = YES;
				"CODE_SIGN_IDENTITY[sdk=iphoneos*]" = "iPhone Developer";
				COPY_PHASE_STRIP = YES;
				GCC_C_LANGUAGE_STANDARD = gnu99;
				GCC_VERSION = com.apple.compilers.llvm.clang.1_0;
				GCC_WARN_ABOUT_RETURN_TYPE = YES;
				GCC_WARN_UNINITIALIZED_AUTOS = YES;
				GCC_WARN_UNUSED_VARIABLE = YES;
				IPHONEOS_DEPLOYMENT_TARGET = 4.0;
				OTHER_CFLAGS = "-DNS_BLOCK_ASSERTIONS=1";
				SDKROOT = iphoneos;
				TARGETED_DEVICE_FAMILY = "1,2";
				VALIDATE_PRODUCT = YES;
			};
			name = Release;
		};
		371AA0C115F89FFE006FCC06 /* Debug */ = {
			isa = XCBuildConfiguration;
			buildSettings = {
				GCC_PRECOMPILE_PREFIX_HEADER = YES;
				GCC_PREFIX_HEADER = "myTV.IOS.App/myTV.IOS.App-Prefix.pch";
				INFOPLIST_FILE = "myTV.IOS.App/myTV.IOS.App-Info.plist";
				IPHONEOS_DEPLOYMENT_TARGET = 4.0;
				PRODUCT_NAME = "$(TARGET_NAME)";
				WRAPPER_EXTENSION = app;
			};
			name = Debug;
		};
		371AA0C215F89FFE006FCC06 /* Release */ = {
			isa = XCBuildConfiguration;
			buildSettings = {
				GCC_PRECOMPILE_PREFIX_HEADER = YES;
				GCC_PREFIX_HEADER = "myTV.IOS.App/myTV.IOS.App-Prefix.pch";
				INFOPLIST_FILE = "myTV.IOS.App/myTV.IOS.App-Info.plist";
				IPHONEOS_DEPLOYMENT_TARGET = 4.0;
				PRODUCT_NAME = "$(TARGET_NAME)";
				WRAPPER_EXTENSION = app;
			};
			name = Release;
		};
		371AA0C415F89FFE006FCC06 /* Debug */ = {
			isa = XCBuildConfiguration;
			buildSettings = {
				BUNDLE_LOADER = "$(BUILT_PRODUCTS_DIR)/myTV.IOS.App.app/myTV.IOS.App";
				FRAMEWORK_SEARCH_PATHS = (
					"\"$(SDKROOT)/Developer/Library/Frameworks\"",
					"\"$(DEVELOPER_LIBRARY_DIR)/Frameworks\"",
				);
				GCC_PRECOMPILE_PREFIX_HEADER = YES;
				GCC_PREFIX_HEADER = "myTV.IOS.App/myTV.IOS.App-Prefix.pch";
				INFOPLIST_FILE = "myTV.IOS.AppTests/myTV.IOS.AppTests-Info.plist";
				PRODUCT_NAME = "$(TARGET_NAME)";
				TEST_HOST = "$(BUNDLE_LOADER)";
				WRAPPER_EXTENSION = octest;
			};
			name = Debug;
		};
		371AA0C515F89FFE006FCC06 /* Release */ = {
			isa = XCBuildConfiguration;
			buildSettings = {
				BUNDLE_LOADER = "$(BUILT_PRODUCTS_DIR)/myTV.IOS.App.app/myTV.IOS.App";
				FRAMEWORK_SEARCH_PATHS = (
					"\"$(SDKROOT)/Developer/Library/Frameworks\"",
					"\"$(DEVELOPER_LIBRARY_DIR)/Frameworks\"",
				);
				GCC_PRECOMPILE_PREFIX_HEADER = YES;
				GCC_PREFIX_HEADER = "myTV.IOS.App/myTV.IOS.App-Prefix.pch";
				INFOPLIST_FILE = "myTV.IOS.AppTests/myTV.IOS.AppTests-Info.plist";
				PRODUCT_NAME = "$(TARGET_NAME)";
				TEST_HOST = "$(BUNDLE_LOADER)";
				WRAPPER_EXTENSION = octest;
			};
			name = Release;
		};
/* End XCBuildConfiguration section */

/* Begin XCConfigurationList section */
		371AA08D15F89FFE006FCC06 /* Build configuration list for PBXProject "myTV.IOS.App" */ = {
			isa = XCConfigurationList;
			buildConfigurations = (
				371AA0BE15F89FFE006FCC06 /* Debug */,
				371AA0BF15F89FFE006FCC06 /* Release */,
			);
			defaultConfigurationIsVisible = 0;
			defaultConfigurationName = Release;
		};
		371AA0C015F89FFE006FCC06 /* Build configuration list for PBXNativeTarget "myTV.IOS.App" */ = {
			isa = XCConfigurationList;
			buildConfigurations = (
				371AA0C115F89FFE006FCC06 /* Debug */,
				371AA0C215F89FFE006FCC06 /* Release */,
			);
			defaultConfigurationIsVisible = 0;
		};
		371AA0C315F89FFE006FCC06 /* Build configuration list for PBXNativeTarget "myTV.IOS.AppTests" */ = {
			isa = XCConfigurationList;
			buildConfigurations = (
				371AA0C415F89FFE006FCC06 /* Debug */,
				371AA0C515F89FFE006FCC06 /* Release */,
			);
			defaultConfigurationIsVisible = 0;
		};
/* End XCConfigurationList section */
	};
	rootObject = 371AA08A15F89FFE006FCC06 /* Project object */;
}
